// !$*UTF8*$!
{
	archiveVersion = 1;
	classes = {
	};
	objectVersion = 56;
	objects = {

/* Begin PBXBuildFile section */
		631A60AA2B44ECEE005509C2 /* AppDelegate.swift in Sources */ = {isa = PBXBuildFile; fileRef = 631A60A92B44ECEE005509C2 /* AppDelegate.swift */; };
		631A60AC2B44ECEE005509C2 /* SceneDelegate.swift in Sources */ = {isa = PBXBuildFile; fileRef = 631A60AB2B44ECEE005509C2 /* SceneDelegate.swift */; };
		631A60AE2B44ECEE005509C2 /* ViewController.swift in Sources */ = {isa = PBXBuildFile; fileRef = 631A60AD2B44ECEE005509C2 /* ViewController.swift */; };
		631A60B12B44ECEE005509C2 /* Main.storyboard in Resources */ = {isa = PBXBuildFile; fileRef = 631A60AF2B44ECEE005509C2 /* Main.storyboard */; };
		631A60B32B44ECEF005509C2 /* Assets.xcassets in Resources */ = {isa = PBXBuildFile; fileRef = 631A60B22B44ECEF005509C2 /* Assets.xcassets */; };
		631A60B62B44ECEF005509C2 /* LaunchScreen.storyboard in Resources */ = {isa = PBXBuildFile; fileRef = 631A60B42B44ECEF005509C2 /* LaunchScreen.storyboard */; };
		631A60CA2B44ED11005509C2 /* SnapKit in Frameworks */ = {isa = PBXBuildFile; productRef = 631A60C92B44ED11005509C2 /* SnapKit */; };
		631A60CF2B44ED19005509C2 /* ReactorKit in Frameworks */ = {isa = PBXBuildFile; productRef = 631A60CE2B44ED19005509C2 /* ReactorKit */; };
		631A60D62B44EDF5005509C2 /* BaseVC.swift in Sources */ = {isa = PBXBuildFile; fileRef = 631A60D42B44EDF5005509C2 /* BaseVC.swift */; };
		631A60D72B44EDF5005509C2 /* ButtonConfiguration.swift in Sources */ = {isa = PBXBuildFile; fileRef = 631A60D52B44EDF5005509C2 /* ButtonConfiguration.swift */; };
		631A60E12B44EE02005509C2 /* AppConstraints.swift in Sources */ = {isa = PBXBuildFile; fileRef = 631A60DB2B44EE01005509C2 /* AppConstraints.swift */; };
		631A60E22B44EE02005509C2 /* AppFont.swift in Sources */ = {isa = PBXBuildFile; fileRef = 631A60DC2B44EE01005509C2 /* AppFont.swift */; };
		631A60E32B44EE02005509C2 /* KeyCores.swift in Sources */ = {isa = PBXBuildFile; fileRef = 631A60DD2B44EE01005509C2 /* KeyCores.swift */; };
		631A60EA2B44EE0B005509C2 /* BaseService.swift in Sources */ = {isa = PBXBuildFile; fileRef = 631A60E72B44EE0B005509C2 /* BaseService.swift */; };
		631A60EB2B44EE0B005509C2 /* BasicProvider.swift in Sources */ = {isa = PBXBuildFile; fileRef = 631A60E82B44EE0B005509C2 /* BasicProvider.swift */; };
		631A60EC2B44EE0B005509C2 /* AuthService.swift in Sources */ = {isa = PBXBuildFile; fileRef = 631A60E92B44EE0B005509C2 /* AuthService.swift */; };
		631A60F02B44EE15005509C2 /* OnboardingReactor.swift in Sources */ = {isa = PBXBuildFile; fileRef = 631A60EE2B44EE15005509C2 /* OnboardingReactor.swift */; };
		631A60F12B44EE15005509C2 /* OnboardingView.swift in Sources */ = {isa = PBXBuildFile; fileRef = 631A60EF2B44EE15005509C2 /* OnboardingView.swift */; };
		631A60F62B450189005509C2 /* SF-Pro.ttf in Resources */ = {isa = PBXBuildFile; fileRef = 631A60F42B44FE30005509C2 /* SF-Pro.ttf */; };
		631A60F72B45018D005509C2 /* SF-Pro-Italic.ttf in Resources */ = {isa = PBXBuildFile; fileRef = 631A60F52B44FE30005509C2 /* SF-Pro-Italic.ttf */; };
		631A60F92B452058005509C2 /* AuthPresentView.swift in Sources */ = {isa = PBXBuildFile; fileRef = 631A60F82B452058005509C2 /* AuthPresentView.swift */; };
		631A60FB2B4528A5005509C2 /* SignUpView.swift in Sources */ = {isa = PBXBuildFile; fileRef = 631A60FA2B4528A5005509C2 /* SignUpView.swift */; };
		631A60FD2B452953005509C2 /* .gitignore in Resources */ = {isa = PBXBuildFile; fileRef = 631A60FC2B452953005509C2 /* .gitignore */; };
		631A60FF2B452976005509C2 /* SecretKey.swift in Sources */ = {isa = PBXBuildFile; fileRef = 631A60FE2B452976005509C2 /* SecretKey.swift */; };
		631E33962B45553B0053DBD7 /* RxBlocking in Frameworks */ = {isa = PBXBuildFile; productRef = 631E33952B45553B0053DBD7 /* RxBlocking */; };
		631E339A2B45553B0053DBD7 /* RxCocoa in Frameworks */ = {isa = PBXBuildFile; productRef = 631E33992B45553B0053DBD7 /* RxCocoa */; };
		631E339E2B45553B0053DBD7 /* RxRelay in Frameworks */ = {isa = PBXBuildFile; productRef = 631E339D2B45553B0053DBD7 /* RxRelay */; };
		631E33A22B45553B0053DBD7 /* RxSwift in Frameworks */ = {isa = PBXBuildFile; productRef = 631E33A12B45553B0053DBD7 /* RxSwift */; };
		633584692B45610C00B83555 /* SignInEmailView.swift in Sources */ = {isa = PBXBuildFile; fileRef = 633584682B45610C00B83555 /* SignInEmailView.swift */; };
		6368352A2B47A56C00E38683 /* AppManager.swift in Sources */ = {isa = PBXBuildFile; fileRef = 636835292B47A56C00E38683 /* AppManager.swift */; };
		636FB1602B4851B2000E5F03 /* AuthBtn.swift in Sources */ = {isa = PBXBuildFile; fileRef = 636FB15F2B4851B2000E5F03 /* AuthBtn.swift */; };
		6384A9B82B47122500AA2F1B /* Alamofire in Frameworks */ = {isa = PBXBuildFile; productRef = 6324D6EB2B46F15F00AA1AC0 /* Alamofire */; };
		6384A9BB2B47123400AA2F1B /* KakaoAuthManager.swift in Sources */ = {isa = PBXBuildFile; fileRef = 6384A9BA2B47123400AA2F1B /* KakaoAuthManager.swift */; };
		6384A9C62B47125600AA2F1B /* BaseInterceptor.swift in Sources */ = {isa = PBXBuildFile; fileRef = 6384A9BF2B47125600AA2F1B /* BaseInterceptor.swift */; };
		6384A9C72B47125600AA2F1B /* NetworkManager.swift in Sources */ = {isa = PBXBuildFile; fileRef = 6384A9C02B47125600AA2F1B /* NetworkManager.swift */; };
		6384A9C82B47125600AA2F1B /* SingUpInfo.swift in Sources */ = {isa = PBXBuildFile; fileRef = 6384A9C22B47125600AA2F1B /* SingUpInfo.swift */; };
		6384A9C92B47125600AA2F1B /* UserInfo+NM.swift in Sources */ = {isa = PBXBuildFile; fileRef = 6384A9C32B47125600AA2F1B /* UserInfo+NM.swift */; };
		6384A9CA2B47125600AA2F1B /* UserRouter.swift in Sources */ = {isa = PBXBuildFile; fileRef = 6384A9C42B47125600AA2F1B /* UserRouter.swift */; };
		6384A9CB2B47125600AA2F1B /* SingInInfo.swift in Sources */ = {isa = PBXBuildFile; fileRef = 6384A9C52B47125600AA2F1B /* SingInInfo.swift */; };
		6384A9CE2B47133200AA2F1B /* Tokens.swift in Sources */ = {isa = PBXBuildFile; fileRef = 6384A9CD2B47133200AA2F1B /* Tokens.swift */; };
		6384A9D12B47134200AA2F1B /* Errors.swift in Sources */ = {isa = PBXBuildFile; fileRef = 6384A9D02B47134200AA2F1B /* Errors.swift */; };
		638FCD272B47FB700053D1BB /* Toast in Frameworks */ = {isa = PBXBuildFile; productRef = 638FCD262B47FB700053D1BB /* Toast */; };
		638FCD2A2B48000E0053D1BB /* InputFieldView.swift in Sources */ = {isa = PBXBuildFile; fileRef = 638FCD292B48000E0053D1BB /* InputFieldView.swift */; };
		638FCD2C2B48002C0053D1BB /* CheckFieldView.swift in Sources */ = {isa = PBXBuildFile; fileRef = 638FCD2B2B48002C0053D1BB /* CheckFieldView.swift */; };
		639B8A702B491BA40024B4DD /* AuthReactor.swift in Sources */ = {isa = PBXBuildFile; fileRef = 639B8A6F2B491BA40024B4DD /* AuthReactor.swift */; };
		639B8A732B491C030024B4DD /* SignUpToastType.swift in Sources */ = {isa = PBXBuildFile; fileRef = 639B8A722B491C030024B4DD /* SignUpToastType.swift */; };
		639B8A752B491C1A0024B4DD /* SignUpFieldType.swift in Sources */ = {isa = PBXBuildFile; fileRef = 639B8A742B491C1A0024B4DD /* SignUpFieldType.swift */; };
		639DEAFB2B452E8300108979 /* AuthViewReactor.swift in Sources */ = {isa = PBXBuildFile; fileRef = 639DEAFA2B452E8300108979 /* AuthViewReactor.swift */; };
		639DEB002B4534CB00108979 /* SignUpViewReactor.swift in Sources */ = {isa = PBXBuildFile; fileRef = 639DEAFF2B4534CB00108979 /* SignUpViewReactor.swift */; };
		63A148A82B45564F005CF155 /* RxBlocking in Frameworks */ = {isa = PBXBuildFile; productRef = 63A148A72B45564F005CF155 /* RxBlocking */; };
		63A148AC2B45564F005CF155 /* RxCocoa in Frameworks */ = {isa = PBXBuildFile; productRef = 63A148AB2B45564F005CF155 /* RxCocoa */; };
		63A148B02B45564F005CF155 /* RxRelay in Frameworks */ = {isa = PBXBuildFile; productRef = 63A148AF2B45564F005CF155 /* RxRelay */; };
		63ADEA092B4648B2000A0CB4 /* RxKakaoSDK in Frameworks */ = {isa = PBXBuildFile; productRef = 63ADEA082B4648B2000A0CB4 /* RxKakaoSDK */; };
		63ADEA0B2B4648B2000A0CB4 /* RxKakaoSDKAuth in Frameworks */ = {isa = PBXBuildFile; productRef = 63ADEA0A2B4648B2000A0CB4 /* RxKakaoSDKAuth */; };
		63ADEA0D2B4648B2000A0CB4 /* RxKakaoSDKCommon in Frameworks */ = {isa = PBXBuildFile; productRef = 63ADEA0C2B4648B2000A0CB4 /* RxKakaoSDKCommon */; };
		63ADEA112B4648B2000A0CB4 /* RxKakaoSDKShare in Frameworks */ = {isa = PBXBuildFile; productRef = 63ADEA102B4648B2000A0CB4 /* RxKakaoSDKShare */; };
		63ADEA152B4648B2000A0CB4 /* RxKakaoSDKUser in Frameworks */ = {isa = PBXBuildFile; productRef = 63ADEA142B4648B2000A0CB4 /* RxKakaoSDKUser */; };
		63C4C3082B45AF9300A48E69 /* UserDefaults+State.swift in Sources */ = {isa = PBXBuildFile; fileRef = 63C4C3062B45AF9200A48E69 /* UserDefaults+State.swift */; };
		63C4C3092B45AF9300A48E69 /* AnyModelStore.swift in Sources */ = {isa = PBXBuildFile; fileRef = 63C4C3072B45AF9200A48E69 /* AnyModelStore.swift */; };
		63E4AFCC2B491CED00E0B6A1 /* SignUpReactor+Mutate.swift in Sources */ = {isa = PBXBuildFile; fileRef = 63E4AFCB2B491CED00E0B6A1 /* SignUpReactor+Mutate.swift */; };
		63E4AFCE2B49525300E0B6A1 /* SignUpResponse.swift in Sources */ = {isa = PBXBuildFile; fileRef = 63E4AFCD2B49525300E0B6A1 /* SignUpResponse.swift */; };
		63E4AFD02B495E6F00E0B6A1 /* SignUpService.swift in Sources */ = {isa = PBXBuildFile; fileRef = 63E4AFCF2B495E6F00E0B6A1 /* SignUpService.swift */; };
		63E4AFD22B49668C00E0B6A1 /* User.swift in Sources */ = {isa = PBXBuildFile; fileRef = 63E4AFD12B49668C00E0B6A1 /* User.swift */; };
/* End PBXBuildFile section */

/* Begin PBXCopyFilesBuildPhase section */
		631E338E2B4554F60053DBD7 /* Embed Frameworks */ = {
			isa = PBXCopyFilesBuildPhase;
			buildActionMask = 2147483647;
			dstPath = "";
			dstSubfolderSpec = 10;
			files = (
			);
			name = "Embed Frameworks";
			runOnlyForDeploymentPostprocessing = 0;
		};
/* End PBXCopyFilesBuildPhase section */

/* Begin PBXFileReference section */
		631A60A62B44ECEE005509C2 /* SolackProject.app */ = {isa = PBXFileReference; explicitFileType = wrapper.application; includeInIndex = 0; path = SolackProject.app; sourceTree = BUILT_PRODUCTS_DIR; };
		631A60A92B44ECEE005509C2 /* AppDelegate.swift */ = {isa = PBXFileReference; lastKnownFileType = sourcecode.swift; path = AppDelegate.swift; sourceTree = "<group>"; };
		631A60AB2B44ECEE005509C2 /* SceneDelegate.swift */ = {isa = PBXFileReference; lastKnownFileType = sourcecode.swift; path = SceneDelegate.swift; sourceTree = "<group>"; };
		631A60AD2B44ECEE005509C2 /* ViewController.swift */ = {isa = PBXFileReference; lastKnownFileType = sourcecode.swift; path = ViewController.swift; sourceTree = "<group>"; };
		631A60B02B44ECEE005509C2 /* Base */ = {isa = PBXFileReference; lastKnownFileType = file.storyboard; name = Base; path = Base.lproj/Main.storyboard; sourceTree = "<group>"; };
		631A60B22B44ECEF005509C2 /* Assets.xcassets */ = {isa = PBXFileReference; lastKnownFileType = folder.assetcatalog; path = Assets.xcassets; sourceTree = "<group>"; };
		631A60B52B44ECEF005509C2 /* Base */ = {isa = PBXFileReference; lastKnownFileType = file.storyboard; name = Base; path = Base.lproj/LaunchScreen.storyboard; sourceTree = "<group>"; };
		631A60B72B44ECEF005509C2 /* Info.plist */ = {isa = PBXFileReference; lastKnownFileType = text.plist.xml; path = Info.plist; sourceTree = "<group>"; };
		631A60D42B44EDF5005509C2 /* BaseVC.swift */ = {isa = PBXFileReference; fileEncoding = 4; lastKnownFileType = sourcecode.swift; path = BaseVC.swift; sourceTree = "<group>"; };
		631A60D52B44EDF5005509C2 /* ButtonConfiguration.swift */ = {isa = PBXFileReference; fileEncoding = 4; lastKnownFileType = sourcecode.swift; path = ButtonConfiguration.swift; sourceTree = "<group>"; };
		631A60DB2B44EE01005509C2 /* AppConstraints.swift */ = {isa = PBXFileReference; fileEncoding = 4; lastKnownFileType = sourcecode.swift; path = AppConstraints.swift; sourceTree = "<group>"; };
		631A60DC2B44EE01005509C2 /* AppFont.swift */ = {isa = PBXFileReference; fileEncoding = 4; lastKnownFileType = sourcecode.swift; path = AppFont.swift; sourceTree = "<group>"; };
		631A60DD2B44EE01005509C2 /* KeyCores.swift */ = {isa = PBXFileReference; fileEncoding = 4; lastKnownFileType = sourcecode.swift; path = KeyCores.swift; sourceTree = "<group>"; };
		631A60E72B44EE0B005509C2 /* BaseService.swift */ = {isa = PBXFileReference; fileEncoding = 4; lastKnownFileType = sourcecode.swift; path = BaseService.swift; sourceTree = "<group>"; };
		631A60E82B44EE0B005509C2 /* BasicProvider.swift */ = {isa = PBXFileReference; fileEncoding = 4; lastKnownFileType = sourcecode.swift; path = BasicProvider.swift; sourceTree = "<group>"; };
		631A60E92B44EE0B005509C2 /* AuthService.swift */ = {isa = PBXFileReference; fileEncoding = 4; lastKnownFileType = sourcecode.swift; path = AuthService.swift; sourceTree = "<group>"; };
		631A60EE2B44EE15005509C2 /* OnboardingReactor.swift */ = {isa = PBXFileReference; fileEncoding = 4; lastKnownFileType = sourcecode.swift; path = OnboardingReactor.swift; sourceTree = "<group>"; };
		631A60EF2B44EE15005509C2 /* OnboardingView.swift */ = {isa = PBXFileReference; fileEncoding = 4; lastKnownFileType = sourcecode.swift; path = OnboardingView.swift; sourceTree = "<group>"; };
		631A60F42B44FE30005509C2 /* SF-Pro.ttf */ = {isa = PBXFileReference; lastKnownFileType = file; path = "SF-Pro.ttf"; sourceTree = "<group>"; };
		631A60F52B44FE30005509C2 /* SF-Pro-Italic.ttf */ = {isa = PBXFileReference; lastKnownFileType = file; path = "SF-Pro-Italic.ttf"; sourceTree = "<group>"; };
		631A60F82B452058005509C2 /* AuthPresentView.swift */ = {isa = PBXFileReference; lastKnownFileType = sourcecode.swift; path = AuthPresentView.swift; sourceTree = "<group>"; };
		631A60FA2B4528A5005509C2 /* SignUpView.swift */ = {isa = PBXFileReference; lastKnownFileType = sourcecode.swift; path = SignUpView.swift; sourceTree = "<group>"; };
		631A60FC2B452953005509C2 /* .gitignore */ = {isa = PBXFileReference; lastKnownFileType = text; path = .gitignore; sourceTree = "<group>"; };
		631A60FE2B452976005509C2 /* SecretKey.swift */ = {isa = PBXFileReference; lastKnownFileType = sourcecode.swift; path = SecretKey.swift; sourceTree = "<group>"; };
		633584682B45610C00B83555 /* SignInEmailView.swift */ = {isa = PBXFileReference; lastKnownFileType = sourcecode.swift; path = SignInEmailView.swift; sourceTree = "<group>"; };
		636835292B47A56C00E38683 /* AppManager.swift */ = {isa = PBXFileReference; fileEncoding = 4; lastKnownFileType = sourcecode.swift; path = AppManager.swift; sourceTree = "<group>"; };
		636FB15F2B4851B2000E5F03 /* AuthBtn.swift */ = {isa = PBXFileReference; lastKnownFileType = sourcecode.swift; path = AuthBtn.swift; sourceTree = "<group>"; };
		6384A9BA2B47123400AA2F1B /* KakaoAuthManager.swift */ = {isa = PBXFileReference; fileEncoding = 4; lastKnownFileType = sourcecode.swift; path = KakaoAuthManager.swift; sourceTree = "<group>"; };
		6384A9BF2B47125600AA2F1B /* BaseInterceptor.swift */ = {isa = PBXFileReference; fileEncoding = 4; lastKnownFileType = sourcecode.swift; path = BaseInterceptor.swift; sourceTree = "<group>"; };
		6384A9C02B47125600AA2F1B /* NetworkManager.swift */ = {isa = PBXFileReference; fileEncoding = 4; lastKnownFileType = sourcecode.swift; path = NetworkManager.swift; sourceTree = "<group>"; };
		6384A9C22B47125600AA2F1B /* SingUpInfo.swift */ = {isa = PBXFileReference; fileEncoding = 4; lastKnownFileType = sourcecode.swift; path = SingUpInfo.swift; sourceTree = "<group>"; };
		6384A9C32B47125600AA2F1B /* UserInfo+NM.swift */ = {isa = PBXFileReference; fileEncoding = 4; lastKnownFileType = sourcecode.swift; path = "UserInfo+NM.swift"; sourceTree = "<group>"; };
		6384A9C42B47125600AA2F1B /* UserRouter.swift */ = {isa = PBXFileReference; fileEncoding = 4; lastKnownFileType = sourcecode.swift; path = UserRouter.swift; sourceTree = "<group>"; };
		6384A9C52B47125600AA2F1B /* SingInInfo.swift */ = {isa = PBXFileReference; fileEncoding = 4; lastKnownFileType = sourcecode.swift; path = SingInInfo.swift; sourceTree = "<group>"; };
		6384A9CD2B47133200AA2F1B /* Tokens.swift */ = {isa = PBXFileReference; fileEncoding = 4; lastKnownFileType = sourcecode.swift; path = Tokens.swift; sourceTree = "<group>"; };
		6384A9D02B47134200AA2F1B /* Errors.swift */ = {isa = PBXFileReference; fileEncoding = 4; lastKnownFileType = sourcecode.swift; path = Errors.swift; sourceTree = "<group>"; };
		638FCD292B48000E0053D1BB /* InputFieldView.swift */ = {isa = PBXFileReference; lastKnownFileType = sourcecode.swift; path = InputFieldView.swift; sourceTree = "<group>"; };
		638FCD2B2B48002C0053D1BB /* CheckFieldView.swift */ = {isa = PBXFileReference; lastKnownFileType = sourcecode.swift; path = CheckFieldView.swift; sourceTree = "<group>"; };
		639B8A6F2B491BA40024B4DD /* AuthReactor.swift */ = {isa = PBXFileReference; lastKnownFileType = sourcecode.swift; path = AuthReactor.swift; sourceTree = "<group>"; };
		639B8A722B491C030024B4DD /* SignUpToastType.swift */ = {isa = PBXFileReference; lastKnownFileType = sourcecode.swift; path = SignUpToastType.swift; sourceTree = "<group>"; };
		639B8A742B491C1A0024B4DD /* SignUpFieldType.swift */ = {isa = PBXFileReference; lastKnownFileType = sourcecode.swift; path = SignUpFieldType.swift; sourceTree = "<group>"; };
		639DEAFA2B452E8300108979 /* AuthViewReactor.swift */ = {isa = PBXFileReference; lastKnownFileType = sourcecode.swift; path = AuthViewReactor.swift; sourceTree = "<group>"; };
		639DEAFF2B4534CB00108979 /* SignUpViewReactor.swift */ = {isa = PBXFileReference; lastKnownFileType = sourcecode.swift; path = SignUpViewReactor.swift; sourceTree = "<group>"; };
		63ADEA1A2B467E20000A0CB4 /* Config.xcconfig */ = {isa = PBXFileReference; lastKnownFileType = text.xcconfig; path = Config.xcconfig; sourceTree = "<group>"; };
		63C4C3062B45AF9200A48E69 /* UserDefaults+State.swift */ = {isa = PBXFileReference; fileEncoding = 4; lastKnownFileType = sourcecode.swift; path = "UserDefaults+State.swift"; sourceTree = "<group>"; };
		63C4C3072B45AF9200A48E69 /* AnyModelStore.swift */ = {isa = PBXFileReference; fileEncoding = 4; lastKnownFileType = sourcecode.swift; path = AnyModelStore.swift; sourceTree = "<group>"; };
		63E4AFCB2B491CED00E0B6A1 /* SignUpReactor+Mutate.swift */ = {isa = PBXFileReference; lastKnownFileType = sourcecode.swift; path = "SignUpReactor+Mutate.swift"; sourceTree = "<group>"; };
		63E4AFCD2B49525300E0B6A1 /* SignUpResponse.swift */ = {isa = PBXFileReference; lastKnownFileType = sourcecode.swift; path = SignUpResponse.swift; sourceTree = "<group>"; };
		63E4AFCF2B495E6F00E0B6A1 /* SignUpService.swift */ = {isa = PBXFileReference; lastKnownFileType = sourcecode.swift; path = SignUpService.swift; sourceTree = "<group>"; };
		63E4AFD12B49668C00E0B6A1 /* User.swift */ = {isa = PBXFileReference; lastKnownFileType = sourcecode.swift; path = User.swift; sourceTree = "<group>"; };
/* End PBXFileReference section */

/* Begin PBXFrameworksBuildPhase section */
		631A60A32B44ECEE005509C2 /* Frameworks */ = {
			isa = PBXFrameworksBuildPhase;
			buildActionMask = 2147483647;
			files = (
				638FCD272B47FB700053D1BB /* Toast in Frameworks */,
				6384A9B82B47122500AA2F1B /* Alamofire in Frameworks */,
				63ADEA152B4648B2000A0CB4 /* RxKakaoSDKUser in Frameworks */,
				63ADEA0D2B4648B2000A0CB4 /* RxKakaoSDKCommon in Frameworks */,
				631E33A22B45553B0053DBD7 /* RxSwift in Frameworks */,
				631A60CF2B44ED19005509C2 /* ReactorKit in Frameworks */,
				631E33962B45553B0053DBD7 /* RxBlocking in Frameworks */,
				63ADEA112B4648B2000A0CB4 /* RxKakaoSDKShare in Frameworks */,
				631E339E2B45553B0053DBD7 /* RxRelay in Frameworks */,
				63A148A82B45564F005CF155 /* RxBlocking in Frameworks */,
				63A148B02B45564F005CF155 /* RxRelay in Frameworks */,
				631E339A2B45553B0053DBD7 /* RxCocoa in Frameworks */,
				63ADEA0B2B4648B2000A0CB4 /* RxKakaoSDKAuth in Frameworks */,
				631A60CA2B44ED11005509C2 /* SnapKit in Frameworks */,
				63A148AC2B45564F005CF155 /* RxCocoa in Frameworks */,
				63ADEA092B4648B2000A0CB4 /* RxKakaoSDK in Frameworks */,
			);
			runOnlyForDeploymentPostprocessing = 0;
		};
/* End PBXFrameworksBuildPhase section */

/* Begin PBXGroup section */
		631A609D2B44ECEE005509C2 = {
			isa = PBXGroup;
			children = (
				631A60A82B44ECEE005509C2 /* SolackProject */,
				631A60A72B44ECEE005509C2 /* Products */,
				631E33792B4554500053DBD7 /* Frameworks */,
			);
			sourceTree = "<group>";
		};
		631A60A72B44ECEE005509C2 /* Products */ = {
			isa = PBXGroup;
			children = (
				631A60A62B44ECEE005509C2 /* SolackProject.app */,
			);
			name = Products;
			sourceTree = "<group>";
		};
		631A60A82B44ECEE005509C2 /* SolackProject */ = {
			isa = PBXGroup;
			children = (
				631A60ED2B44EE15005509C2 /* Scenes */,
				631A60E62B44EE0B005509C2 /* ReactorServices */,
				631A60D92B44EE01005509C2 /* Core */,
				631A60D82B44EDFA005509C2 /* Services */,
				6384A9BC2B47125600AA2F1B /* ServiceManagers */,
				631A60D02B44EDF5005509C2 /* Helpers */,
				631A60A92B44ECEE005509C2 /* AppDelegate.swift */,
				631A60AB2B44ECEE005509C2 /* SceneDelegate.swift */,
				631A60AD2B44ECEE005509C2 /* ViewController.swift */,
				631A60AF2B44ECEE005509C2 /* Main.storyboard */,
				631A60B22B44ECEF005509C2 /* Assets.xcassets */,
				631A60B42B44ECEF005509C2 /* LaunchScreen.storyboard */,
				631A60B72B44ECEF005509C2 /* Info.plist */,
			);
			path = SolackProject;
			sourceTree = "<group>";
		};
		631A60D02B44EDF5005509C2 /* Helpers */ = {
			isa = PBXGroup;
			children = (
				63C4C3052B45AF9200A48E69 /* Library */,
				63C4C3042B45AF7300A48E69 /* AnyModels */,
				631A60D12B44EDF5005509C2 /* Extensions */,
				631A60D22B44EDF5005509C2 /* UIHelpers */,
			);
			path = Helpers;
			sourceTree = "<group>";
		};
		631A60D12B44EDF5005509C2 /* Extensions */ = {
			isa = PBXGroup;
			children = (
			);
			path = Extensions;
			sourceTree = "<group>";
		};
		631A60D22B44EDF5005509C2 /* UIHelpers */ = {
			isa = PBXGroup;
			children = (
				631A60D32B44EDF5005509C2 /* UIKit */,
			);
			path = UIHelpers;
			sourceTree = "<group>";
		};
		631A60D32B44EDF5005509C2 /* UIKit */ = {
			isa = PBXGroup;
			children = (
				631A60D42B44EDF5005509C2 /* BaseVC.swift */,
				631A60D52B44EDF5005509C2 /* ButtonConfiguration.swift */,
			);
			path = UIKit;
			sourceTree = "<group>";
		};
		631A60D82B44EDFA005509C2 /* Services */ = {
			isa = PBXGroup;
			children = (
				6384A9B92B47123400AA2F1B /* AuthManager */,
			);
			path = Services;
			sourceTree = "<group>";
		};
		631A60D92B44EE01005509C2 /* Core */ = {
			isa = PBXGroup;
			children = (
				636835292B47A56C00E38683 /* AppManager.swift */,
				6384A9CF2B47134200AA2F1B /* SourceOfTruth */,
				6384A9CC2B47133200AA2F1B /* DefaultsValue */,
				631A60DA2B44EE01005509C2 /* Resources */,
				631A60DD2B44EE01005509C2 /* KeyCores.swift */,
			);
			path = Core;
			sourceTree = "<group>";
		};
		631A60DA2B44EE01005509C2 /* Resources */ = {
			isa = PBXGroup;
			children = (
				631A60F52B44FE30005509C2 /* SF-Pro-Italic.ttf */,
				631A60F42B44FE30005509C2 /* SF-Pro.ttf */,
				631A60DB2B44EE01005509C2 /* AppConstraints.swift */,
				631A60DC2B44EE01005509C2 /* AppFont.swift */,
				631A60FC2B452953005509C2 /* .gitignore */,
				63ADEA1A2B467E20000A0CB4 /* Config.xcconfig */,
				631A60FE2B452976005509C2 /* SecretKey.swift */,
			);
			path = Resources;
			sourceTree = "<group>";
		};
		631A60E62B44EE0B005509C2 /* ReactorServices */ = {
			isa = PBXGroup;
			children = (
				631A60E72B44EE0B005509C2 /* BaseService.swift */,
				631A60E82B44EE0B005509C2 /* BasicProvider.swift */,
				631A60E92B44EE0B005509C2 /* AuthService.swift */,
				63E4AFCF2B495E6F00E0B6A1 /* SignUpService.swift */,
			);
			path = ReactorServices;
			sourceTree = "<group>";
		};
		631A60ED2B44EE15005509C2 /* Scenes */ = {
			isa = PBXGroup;
			children = (
				639DEAF92B452E3B00108979 /* Onboardin&Auth */,
			);
			path = Scenes;
			sourceTree = "<group>";
		};
		631E33792B4554500053DBD7 /* Frameworks */ = {
			isa = PBXGroup;
			children = (
			);
			name = Frameworks;
			sourceTree = "<group>";
		};
		6324D6E92B46EF5100AA1AC0 /* Reactors */ = {
			isa = PBXGroup;
			children = (
				639B8A712B491BD30024B4DD /* SignUp */,
				639B8A6E2B491B780024B4DD /* Auth */,
				631A60EE2B44EE15005509C2 /* OnboardingReactor.swift */,
			);
			path = Reactors;
			sourceTree = "<group>";
		};
		633584672B4560F900B83555 /* SignInEmail */ = {
			isa = PBXGroup;
			children = (
				633584682B45610C00B83555 /* SignInEmailView.swift */,
			);
			path = SignInEmail;
			sourceTree = "<group>";
		};
		6384A9B92B47123400AA2F1B /* AuthManager */ = {
			isa = PBXGroup;
			children = (
				6384A9BA2B47123400AA2F1B /* KakaoAuthManager.swift */,
			);
			name = AuthManager;
			path = SolackProject/Manager/AuthManager;
			sourceTree = SOURCE_ROOT;
		};
		6384A9BC2B47125600AA2F1B /* ServiceManagers */ = {
			isa = PBXGroup;
			children = (
				6384A9BD2B47125600AA2F1B /* Network */,
			);
			path = ServiceManagers;
			sourceTree = "<group>";
		};
		6384A9BD2B47125600AA2F1B /* Network */ = {
			isa = PBXGroup;
			children = (
				6384A9BE2B47125600AA2F1B /* Interceptor&Authentication */,
				6384A9C02B47125600AA2F1B /* NetworkManager.swift */,
				6384A9C12B47125600AA2F1B /* UserInfos */,
			);
			path = Network;
			sourceTree = "<group>";
		};
		6384A9BE2B47125600AA2F1B /* Interceptor&Authentication */ = {
			isa = PBXGroup;
			children = (
				6384A9BF2B47125600AA2F1B /* BaseInterceptor.swift */,
			);
			path = "Interceptor&Authentication";
			sourceTree = "<group>";
		};
		6384A9C12B47125600AA2F1B /* UserInfos */ = {
			isa = PBXGroup;
			children = (
				6384A9C22B47125600AA2F1B /* SingUpInfo.swift */,
				6384A9C32B47125600AA2F1B /* UserInfo+NM.swift */,
				6384A9C42B47125600AA2F1B /* UserRouter.swift */,
				6384A9C52B47125600AA2F1B /* SingInInfo.swift */,
				63E4AFCD2B49525300E0B6A1 /* SignUpResponse.swift */,
			);
			path = UserInfos;
			sourceTree = "<group>";
		};
		6384A9CC2B47133200AA2F1B /* DefaultsValue */ = {
			isa = PBXGroup;
			children = (
				6384A9CD2B47133200AA2F1B /* Tokens.swift */,
				63E4AFD12B49668C00E0B6A1 /* User.swift */,
			);
			path = DefaultsValue;
			sourceTree = "<group>";
		};
		6384A9CF2B47134200AA2F1B /* SourceOfTruth */ = {
			isa = PBXGroup;
			children = (
				6384A9D02B47134200AA2F1B /* Errors.swift */,
			);
			path = SourceOfTruth;
			sourceTree = "<group>";
		};
		638FCD282B4800010053D1BB /* UIComponents */ = {
			isa = PBXGroup;
			children = (
				638FCD292B48000E0053D1BB /* InputFieldView.swift */,
				638FCD2B2B48002C0053D1BB /* CheckFieldView.swift */,
				636FB15F2B4851B2000E5F03 /* AuthBtn.swift */,
			);
			path = UIComponents;
			sourceTree = "<group>";
		};
		639B8A6E2B491B780024B4DD /* Auth */ = {
			isa = PBXGroup;
			children = (
				639DEAFA2B452E8300108979 /* AuthViewReactor.swift */,
				639B8A6F2B491BA40024B4DD /* AuthReactor.swift */,
			);
			path = Auth;
			sourceTree = "<group>";
		};
		639B8A712B491BD30024B4DD /* SignUp */ = {
			isa = PBXGroup;
			children = (
				639DEAFF2B4534CB00108979 /* SignUpViewReactor.swift */,
				63E4AFCB2B491CED00E0B6A1 /* SignUpReactor+Mutate.swift */,
			);
			path = SignUp;
			sourceTree = "<group>";
		};
		639DEAF92B452E3B00108979 /* Onboardin&Auth */ = {
			isa = PBXGroup;
			children = (
				638FCD282B4800010053D1BB /* UIComponents */,
				6324D6E92B46EF5100AA1AC0 /* Reactors */,
				633584672B4560F900B83555 /* SignInEmail */,
				639DEAFC2B4532D900108979 /* SignUp */,
				631A60EF2B44EE15005509C2 /* OnboardingView.swift */,
				631A60F82B452058005509C2 /* AuthPresentView.swift */,
			);
			path = "Onboardin&Auth";
			sourceTree = "<group>";
		};
		639DEAFC2B4532D900108979 /* SignUp */ = {
			isa = PBXGroup;
			children = (
				639B8A722B491C030024B4DD /* SignUpToastType.swift */,
				639B8A742B491C1A0024B4DD /* SignUpFieldType.swift */,
				631A60FA2B4528A5005509C2 /* SignUpView.swift */,
			);
			path = SignUp;
			sourceTree = "<group>";
		};
		63C4C3042B45AF7300A48E69 /* AnyModels */ = {
			isa = PBXGroup;
			children = (
			);
			path = AnyModels;
			sourceTree = "<group>";
		};
		63C4C3052B45AF9200A48E69 /* Library */ = {
			isa = PBXGroup;
			children = (
				63C4C3062B45AF9200A48E69 /* UserDefaults+State.swift */,
				63C4C3072B45AF9200A48E69 /* AnyModelStore.swift */,
			);
			path = Library;
			sourceTree = "<group>";
		};
/* End PBXGroup section */

/* Begin PBXNativeTarget section */
		631A60A52B44ECEE005509C2 /* SolackProject */ = {
			isa = PBXNativeTarget;
			buildConfigurationList = 631A60BA2B44ECEF005509C2 /* Build configuration list for PBXNativeTarget "SolackProject" */;
			buildPhases = (
				631A60A22B44ECEE005509C2 /* Sources */,
				631A60A32B44ECEE005509C2 /* Frameworks */,
				631A60A42B44ECEE005509C2 /* Resources */,
				631E338E2B4554F60053DBD7 /* Embed Frameworks */,
			);
			buildRules = (
			);
			dependencies = (
			);
			name = SolackProject;
			packageProductDependencies = (
				631A60C92B44ED11005509C2 /* SnapKit */,
				631A60CE2B44ED19005509C2 /* ReactorKit */,
				631E33952B45553B0053DBD7 /* RxBlocking */,
				631E33992B45553B0053DBD7 /* RxCocoa */,
				631E339D2B45553B0053DBD7 /* RxRelay */,
				631E33A12B45553B0053DBD7 /* RxSwift */,
				63A148A72B45564F005CF155 /* RxBlocking */,
				63A148AB2B45564F005CF155 /* RxCocoa */,
				63A148AF2B45564F005CF155 /* RxRelay */,
				6324D6EB2B46F15F00AA1AC0 /* Alamofire */,
				63ADEA082B4648B2000A0CB4 /* RxKakaoSDK */,
				63ADEA0A2B4648B2000A0CB4 /* RxKakaoSDKAuth */,
				63ADEA0C2B4648B2000A0CB4 /* RxKakaoSDKCommon */,
				63ADEA102B4648B2000A0CB4 /* RxKakaoSDKShare */,
				63ADEA142B4648B2000A0CB4 /* RxKakaoSDKUser */,
				638FCD262B47FB700053D1BB /* Toast */,
			);
			productName = SolackProject;
			productReference = 631A60A62B44ECEE005509C2 /* SolackProject.app */;
			productType = "com.apple.product-type.application";
		};
/* End PBXNativeTarget section */

/* Begin PBXProject section */
		631A609E2B44ECEE005509C2 /* Project object */ = {
			isa = PBXProject;
			attributes = {
				BuildIndependentTargetsInParallel = 1;
				LastSwiftUpdateCheck = 1510;
				LastUpgradeCheck = 1510;
				TargetAttributes = {
					631A60A52B44ECEE005509C2 = {
						CreatedOnToolsVersion = 15.1;
					};
				};
			};
			buildConfigurationList = 631A60A12B44ECEE005509C2 /* Build configuration list for PBXProject "SolackProject" */;
			compatibilityVersion = "Xcode 14.0";
			developmentRegion = en;
			hasScannedForEncodings = 0;
			knownRegions = (
				en,
				Base,
			);
			mainGroup = 631A609D2B44ECEE005509C2;
			packageReferences = (
				631A60C82B44ED11005509C2 /* XCRemoteSwiftPackageReference "SnapKit" */,
				631A60CD2B44ED19005509C2 /* XCRemoteSwiftPackageReference "ReactorKit" */,
				631E33942B45553B0053DBD7 /* XCRemoteSwiftPackageReference "RxSwift" */,
				6324D6EA2B46F15F00AA1AC0 /* XCRemoteSwiftPackageReference "Alamofire" */,
				63ADEA072B4648B2000A0CB4 /* XCRemoteSwiftPackageReference "kakao-ios-sdk-rx" */,
				638FCD252B47FB700053D1BB /* XCRemoteSwiftPackageReference "Toast-Swift" */,
			);
			productRefGroup = 631A60A72B44ECEE005509C2 /* Products */;
			projectDirPath = "";
			projectRoot = "";
			targets = (
				631A60A52B44ECEE005509C2 /* SolackProject */,
			);
		};
/* End PBXProject section */

/* Begin PBXResourcesBuildPhase section */
		631A60A42B44ECEE005509C2 /* Resources */ = {
			isa = PBXResourcesBuildPhase;
			buildActionMask = 2147483647;
			files = (
				631A60F72B45018D005509C2 /* SF-Pro-Italic.ttf in Resources */,
				631A60F62B450189005509C2 /* SF-Pro.ttf in Resources */,
				631A60B62B44ECEF005509C2 /* LaunchScreen.storyboard in Resources */,
				631A60B32B44ECEF005509C2 /* Assets.xcassets in Resources */,
				631A60FD2B452953005509C2 /* .gitignore in Resources */,
				631A60B12B44ECEE005509C2 /* Main.storyboard in Resources */,
			);
			runOnlyForDeploymentPostprocessing = 0;
		};
/* End PBXResourcesBuildPhase section */

/* Begin PBXSourcesBuildPhase section */
		631A60A22B44ECEE005509C2 /* Sources */ = {
			isa = PBXSourcesBuildPhase;
			buildActionMask = 2147483647;
			files = (
				638FCD2C2B48002C0053D1BB /* CheckFieldView.swift in Sources */,
				639B8A702B491BA40024B4DD /* AuthReactor.swift in Sources */,
				631A60E12B44EE02005509C2 /* AppConstraints.swift in Sources */,
				639DEAFB2B452E8300108979 /* AuthViewReactor.swift in Sources */,
				6384A9C62B47125600AA2F1B /* BaseInterceptor.swift in Sources */,
				631A60FB2B4528A5005509C2 /* SignUpView.swift in Sources */,
				6384A9C92B47125600AA2F1B /* UserInfo+NM.swift in Sources */,
				631A60AE2B44ECEE005509C2 /* ViewController.swift in Sources */,
				6368352A2B47A56C00E38683 /* AppManager.swift in Sources */,
				631A60E22B44EE02005509C2 /* AppFont.swift in Sources */,
				6384A9C82B47125600AA2F1B /* SingUpInfo.swift in Sources */,
				639DEB002B4534CB00108979 /* SignUpViewReactor.swift in Sources */,
				63E4AFCC2B491CED00E0B6A1 /* SignUpReactor+Mutate.swift in Sources */,
				6384A9BB2B47123400AA2F1B /* KakaoAuthManager.swift in Sources */,
				6384A9CA2B47125600AA2F1B /* UserRouter.swift in Sources */,
				631A60F12B44EE15005509C2 /* OnboardingView.swift in Sources */,
				639B8A752B491C1A0024B4DD /* SignUpFieldType.swift in Sources */,
				636FB1602B4851B2000E5F03 /* AuthBtn.swift in Sources */,
				63E4AFD22B49668C00E0B6A1 /* User.swift in Sources */,
				6384A9D12B47134200AA2F1B /* Errors.swift in Sources */,
				631A60F02B44EE15005509C2 /* OnboardingReactor.swift in Sources */,
				631A60EB2B44EE0B005509C2 /* BasicProvider.swift in Sources */,
				63E4AFD02B495E6F00E0B6A1 /* SignUpService.swift in Sources */,
				631A60AA2B44ECEE005509C2 /* AppDelegate.swift in Sources */,
				63C4C3082B45AF9300A48E69 /* UserDefaults+State.swift in Sources */,
				6384A9CB2B47125600AA2F1B /* SingInInfo.swift in Sources */,
				631A60EC2B44EE0B005509C2 /* AuthService.swift in Sources */,
				639B8A732B491C030024B4DD /* SignUpToastType.swift in Sources */,
				631A60FF2B452976005509C2 /* SecretKey.swift in Sources */,
				631A60AC2B44ECEE005509C2 /* SceneDelegate.swift in Sources */,
				631A60D72B44EDF5005509C2 /* ButtonConfiguration.swift in Sources */,
				63C4C3092B45AF9300A48E69 /* AnyModelStore.swift in Sources */,
				6384A9CE2B47133200AA2F1B /* Tokens.swift in Sources */,
				63E4AFCE2B49525300E0B6A1 /* SignUpResponse.swift in Sources */,
				631A60E32B44EE02005509C2 /* KeyCores.swift in Sources */,
				631A60D62B44EDF5005509C2 /* BaseVC.swift in Sources */,
				631A60F92B452058005509C2 /* AuthPresentView.swift in Sources */,
				6384A9C72B47125600AA2F1B /* NetworkManager.swift in Sources */,
				631A60EA2B44EE0B005509C2 /* BaseService.swift in Sources */,
				638FCD2A2B48000E0053D1BB /* InputFieldView.swift in Sources */,
				633584692B45610C00B83555 /* SignInEmailView.swift in Sources */,
			);
			runOnlyForDeploymentPostprocessing = 0;
		};
/* End PBXSourcesBuildPhase section */

/* Begin PBXVariantGroup section */
		631A60AF2B44ECEE005509C2 /* Main.storyboard */ = {
			isa = PBXVariantGroup;
			children = (
				631A60B02B44ECEE005509C2 /* Base */,
			);
			name = Main.storyboard;
			sourceTree = "<group>";
		};
		631A60B42B44ECEF005509C2 /* LaunchScreen.storyboard */ = {
			isa = PBXVariantGroup;
			children = (
				631A60B52B44ECEF005509C2 /* Base */,
			);
			name = LaunchScreen.storyboard;
			sourceTree = "<group>";
		};
/* End PBXVariantGroup section */

/* Begin XCBuildConfiguration section */
		631A60B82B44ECEF005509C2 /* Debug */ = {
			isa = XCBuildConfiguration;
			baseConfigurationReference = 63ADEA1A2B467E20000A0CB4 /* Config.xcconfig */;
			buildSettings = {
				ALWAYS_SEARCH_USER_PATHS = NO;
				ASSETCATALOG_COMPILER_GENERATE_SWIFT_ASSET_SYMBOL_EXTENSIONS = YES;
				CLANG_ANALYZER_NONNULL = YES;
				CLANG_ANALYZER_NUMBER_OBJECT_CONVERSION = YES_AGGRESSIVE;
				CLANG_CXX_LANGUAGE_STANDARD = "gnu++20";
				CLANG_ENABLE_MODULES = YES;
				CLANG_ENABLE_OBJC_ARC = YES;
				CLANG_ENABLE_OBJC_WEAK = YES;
				CLANG_WARN_BLOCK_CAPTURE_AUTORELEASING = YES;
				CLANG_WARN_BOOL_CONVERSION = YES;
				CLANG_WARN_COMMA = YES;
				CLANG_WARN_CONSTANT_CONVERSION = YES;
				CLANG_WARN_DEPRECATED_OBJC_IMPLEMENTATIONS = YES;
				CLANG_WARN_DIRECT_OBJC_ISA_USAGE = YES_ERROR;
				CLANG_WARN_DOCUMENTATION_COMMENTS = YES;
				CLANG_WARN_EMPTY_BODY = YES;
				CLANG_WARN_ENUM_CONVERSION = YES;
				CLANG_WARN_INFINITE_RECURSION = YES;
				CLANG_WARN_INT_CONVERSION = YES;
				CLANG_WARN_NON_LITERAL_NULL_CONVERSION = YES;
				CLANG_WARN_OBJC_IMPLICIT_RETAIN_SELF = YES;
				CLANG_WARN_OBJC_LITERAL_CONVERSION = YES;
				CLANG_WARN_OBJC_ROOT_CLASS = YES_ERROR;
				CLANG_WARN_QUOTED_INCLUDE_IN_FRAMEWORK_HEADER = YES;
				CLANG_WARN_RANGE_LOOP_ANALYSIS = YES;
				CLANG_WARN_STRICT_PROTOTYPES = YES;
				CLANG_WARN_SUSPICIOUS_MOVE = YES;
				CLANG_WARN_UNGUARDED_AVAILABILITY = YES_AGGRESSIVE;
				CLANG_WARN_UNREACHABLE_CODE = YES;
				CLANG_WARN__DUPLICATE_METHOD_MATCH = YES;
				COPY_PHASE_STRIP = NO;
				DEBUG_INFORMATION_FORMAT = dwarf;
				ENABLE_STRICT_OBJC_MSGSEND = YES;
				ENABLE_TESTABILITY = YES;
				ENABLE_USER_SCRIPT_SANDBOXING = YES;
				GCC_C_LANGUAGE_STANDARD = gnu17;
				GCC_DYNAMIC_NO_PIC = NO;
				GCC_NO_COMMON_BLOCKS = YES;
				GCC_OPTIMIZATION_LEVEL = 0;
				GCC_PREPROCESSOR_DEFINITIONS = (
					"DEBUG=1",
					"$(inherited)",
				);
				GCC_WARN_64_TO_32_BIT_CONVERSION = YES;
				GCC_WARN_ABOUT_RETURN_TYPE = YES_ERROR;
				GCC_WARN_UNDECLARED_SELECTOR = YES;
				GCC_WARN_UNINITIALIZED_AUTOS = YES_AGGRESSIVE;
				GCC_WARN_UNUSED_FUNCTION = YES;
				GCC_WARN_UNUSED_VARIABLE = YES;
				IPHONEOS_DEPLOYMENT_TARGET = 16.0;
				LOCALIZATION_PREFERS_STRING_CATALOGS = YES;
				MTL_ENABLE_DEBUG_INFO = INCLUDE_SOURCE;
				MTL_FAST_MATH = YES;
				ONLY_ACTIVE_ARCH = YES;
				SDKROOT = iphoneos;
				SWIFT_ACTIVE_COMPILATION_CONDITIONS = "DEBUG $(inherited)";
				SWIFT_OPTIMIZATION_LEVEL = "-Onone";
			};
			name = Debug;
		};
		631A60B92B44ECEF005509C2 /* Release */ = {
			isa = XCBuildConfiguration;
			baseConfigurationReference = 63ADEA1A2B467E20000A0CB4 /* Config.xcconfig */;
			buildSettings = {
				ALWAYS_SEARCH_USER_PATHS = NO;
				ASSETCATALOG_COMPILER_GENERATE_SWIFT_ASSET_SYMBOL_EXTENSIONS = YES;
				CLANG_ANALYZER_NONNULL = YES;
				CLANG_ANALYZER_NUMBER_OBJECT_CONVERSION = YES_AGGRESSIVE;
				CLANG_CXX_LANGUAGE_STANDARD = "gnu++20";
				CLANG_ENABLE_MODULES = YES;
				CLANG_ENABLE_OBJC_ARC = YES;
				CLANG_ENABLE_OBJC_WEAK = YES;
				CLANG_WARN_BLOCK_CAPTURE_AUTORELEASING = YES;
				CLANG_WARN_BOOL_CONVERSION = YES;
				CLANG_WARN_COMMA = YES;
				CLANG_WARN_CONSTANT_CONVERSION = YES;
				CLANG_WARN_DEPRECATED_OBJC_IMPLEMENTATIONS = YES;
				CLANG_WARN_DIRECT_OBJC_ISA_USAGE = YES_ERROR;
				CLANG_WARN_DOCUMENTATION_COMMENTS = YES;
				CLANG_WARN_EMPTY_BODY = YES;
				CLANG_WARN_ENUM_CONVERSION = YES;
				CLANG_WARN_INFINITE_RECURSION = YES;
				CLANG_WARN_INT_CONVERSION = YES;
				CLANG_WARN_NON_LITERAL_NULL_CONVERSION = YES;
				CLANG_WARN_OBJC_IMPLICIT_RETAIN_SELF = YES;
				CLANG_WARN_OBJC_LITERAL_CONVERSION = YES;
				CLANG_WARN_OBJC_ROOT_CLASS = YES_ERROR;
				CLANG_WARN_QUOTED_INCLUDE_IN_FRAMEWORK_HEADER = YES;
				CLANG_WARN_RANGE_LOOP_ANALYSIS = YES;
				CLANG_WARN_STRICT_PROTOTYPES = YES;
				CLANG_WARN_SUSPICIOUS_MOVE = YES;
				CLANG_WARN_UNGUARDED_AVAILABILITY = YES_AGGRESSIVE;
				CLANG_WARN_UNREACHABLE_CODE = YES;
				CLANG_WARN__DUPLICATE_METHOD_MATCH = YES;
				COPY_PHASE_STRIP = NO;
				DEBUG_INFORMATION_FORMAT = "dwarf-with-dsym";
				ENABLE_NS_ASSERTIONS = NO;
				ENABLE_STRICT_OBJC_MSGSEND = YES;
				ENABLE_USER_SCRIPT_SANDBOXING = YES;
				GCC_C_LANGUAGE_STANDARD = gnu17;
				GCC_NO_COMMON_BLOCKS = YES;
				GCC_WARN_64_TO_32_BIT_CONVERSION = YES;
				GCC_WARN_ABOUT_RETURN_TYPE = YES_ERROR;
				GCC_WARN_UNDECLARED_SELECTOR = YES;
				GCC_WARN_UNINITIALIZED_AUTOS = YES_AGGRESSIVE;
				GCC_WARN_UNUSED_FUNCTION = YES;
				GCC_WARN_UNUSED_VARIABLE = YES;
				IPHONEOS_DEPLOYMENT_TARGET = 16.0;
				LOCALIZATION_PREFERS_STRING_CATALOGS = YES;
				MTL_ENABLE_DEBUG_INFO = NO;
				MTL_FAST_MATH = YES;
				SDKROOT = iphoneos;
				SWIFT_COMPILATION_MODE = wholemodule;
				VALIDATE_PRODUCT = YES;
			};
			name = Release;
		};
		631A60BB2B44ECEF005509C2 /* Debug */ = {
			isa = XCBuildConfiguration;
			baseConfigurationReference = 63ADEA1A2B467E20000A0CB4 /* Config.xcconfig */;
			buildSettings = {
				ASSETCATALOG_COMPILER_APPICON_NAME = AppIcon;
				ASSETCATALOG_COMPILER_GLOBAL_ACCENT_COLOR_NAME = AccentColor;
				CODE_SIGN_STYLE = Automatic;
				CURRENT_PROJECT_VERSION = 1;
				DEVELOPMENT_TEAM = 3W9F68ZTUJ;
				GENERATE_INFOPLIST_FILE = YES;
				INFOPLIST_FILE = SolackProject/Info.plist;
				INFOPLIST_KEY_UIApplicationSupportsIndirectInputEvents = YES;
				INFOPLIST_KEY_UILaunchStoryboardName = LaunchScreen;
				INFOPLIST_KEY_UIMainStoryboardFile = Main;
				INFOPLIST_KEY_UIStatusBarStyle = UIStatusBarStyleLightContent;
				INFOPLIST_KEY_UISupportedInterfaceOrientations = UIInterfaceOrientationPortrait;
				INFOPLIST_KEY_UISupportedInterfaceOrientations_iPad = "UIInterfaceOrientationLandscapeLeft UIInterfaceOrientationLandscapeRight UIInterfaceOrientationPortrait UIInterfaceOrientationPortraitUpsideDown";
				IPHONEOS_DEPLOYMENT_TARGET = 16.0;
				LD_RUNPATH_SEARCH_PATHS = (
					"$(inherited)",
					"@executable_path/Frameworks",
				);
				MARKETING_VERSION = 1.0;
				PRODUCT_BUNDLE_IDENTIFIER = ii.SolackProject;
				PRODUCT_NAME = "$(TARGET_NAME)";
				SUPPORTED_PLATFORMS = "iphoneos iphonesimulator";
				SUPPORTS_MACCATALYST = NO;
				SUPPORTS_MAC_DESIGNED_FOR_IPHONE_IPAD = NO;
				SWIFT_EMIT_LOC_STRINGS = YES;
				SWIFT_VERSION = 5.0;
				TARGETED_DEVICE_FAMILY = 1;
			};
			name = Debug;
		};
		631A60BC2B44ECEF005509C2 /* Release */ = {
			isa = XCBuildConfiguration;
			baseConfigurationReference = 63ADEA1A2B467E20000A0CB4 /* Config.xcconfig */;
			buildSettings = {
				ASSETCATALOG_COMPILER_APPICON_NAME = AppIcon;
				ASSETCATALOG_COMPILER_GLOBAL_ACCENT_COLOR_NAME = AccentColor;
				CODE_SIGN_STYLE = Automatic;
				CURRENT_PROJECT_VERSION = 1;
				DEVELOPMENT_TEAM = 3W9F68ZTUJ;
				GENERATE_INFOPLIST_FILE = YES;
				INFOPLIST_FILE = SolackProject/Info.plist;
				INFOPLIST_KEY_UIApplicationSupportsIndirectInputEvents = YES;
				INFOPLIST_KEY_UILaunchStoryboardName = LaunchScreen;
				INFOPLIST_KEY_UIMainStoryboardFile = Main;
				INFOPLIST_KEY_UIStatusBarStyle = UIStatusBarStyleLightContent;
				INFOPLIST_KEY_UISupportedInterfaceOrientations = UIInterfaceOrientationPortrait;
				INFOPLIST_KEY_UISupportedInterfaceOrientations_iPad = "UIInterfaceOrientationLandscapeLeft UIInterfaceOrientationLandscapeRight UIInterfaceOrientationPortrait UIInterfaceOrientationPortraitUpsideDown";
				IPHONEOS_DEPLOYMENT_TARGET = 16.0;
				LD_RUNPATH_SEARCH_PATHS = (
					"$(inherited)",
					"@executable_path/Frameworks",
				);
				MARKETING_VERSION = 1.0;
				PRODUCT_BUNDLE_IDENTIFIER = ii.SolackProject;
				PRODUCT_NAME = "$(TARGET_NAME)";
				SUPPORTED_PLATFORMS = "iphoneos iphonesimulator";
				SUPPORTS_MACCATALYST = NO;
				SUPPORTS_MAC_DESIGNED_FOR_IPHONE_IPAD = NO;
				SWIFT_EMIT_LOC_STRINGS = YES;
				SWIFT_VERSION = 5.0;
				TARGETED_DEVICE_FAMILY = 1;
			};
			name = Release;
		};
/* End XCBuildConfiguration section */

/* Begin XCConfigurationList section */
		631A60A12B44ECEE005509C2 /* Build configuration list for PBXProject "SolackProject" */ = {
			isa = XCConfigurationList;
			buildConfigurations = (
				631A60B82B44ECEF005509C2 /* Debug */,
				631A60B92B44ECEF005509C2 /* Release */,
			);
			defaultConfigurationIsVisible = 0;
			defaultConfigurationName = Release;
		};
		631A60BA2B44ECEF005509C2 /* Build configuration list for PBXNativeTarget "SolackProject" */ = {
			isa = XCConfigurationList;
			buildConfigurations = (
				631A60BB2B44ECEF005509C2 /* Debug */,
				631A60BC2B44ECEF005509C2 /* Release */,
			);
			defaultConfigurationIsVisible = 0;
			defaultConfigurationName = Release;
		};
/* End XCConfigurationList section */

/* Begin XCRemoteSwiftPackageReference section */
		631A60C82B44ED11005509C2 /* XCRemoteSwiftPackageReference "SnapKit" */ = {
			isa = XCRemoteSwiftPackageReference;
			repositoryURL = "https://github.com/SnapKit/SnapKit.git";
			requirement = {
				kind = upToNextMajorVersion;
				minimumVersion = 5.7.0;
			};
		};
		631A60CD2B44ED19005509C2 /* XCRemoteSwiftPackageReference "ReactorKit" */ = {
			isa = XCRemoteSwiftPackageReference;
			repositoryURL = "https://github.com/ReactorKit/ReactorKit.git";
			requirement = {
				kind = upToNextMajorVersion;
				minimumVersion = 3.2.0;
			};
		};
		631E33942B45553B0053DBD7 /* XCRemoteSwiftPackageReference "RxSwift" */ = {
			isa = XCRemoteSwiftPackageReference;
			repositoryURL = "https://github.com/ReactiveX/RxSwift.git";
			requirement = {
				kind = upToNextMajorVersion;
				minimumVersion = 6.6.0;
			};
		};
		6324D6EA2B46F15F00AA1AC0 /* XCRemoteSwiftPackageReference "Alamofire" */ = {
			isa = XCRemoteSwiftPackageReference;
			repositoryURL = "https://github.com/Alamofire/Alamofire";
			requirement = {
				kind = upToNextMajorVersion;
				minimumVersion = 5.8.1;
			};
		};
		638FCD252B47FB700053D1BB /* XCRemoteSwiftPackageReference "Toast-Swift" */ = {
			isa = XCRemoteSwiftPackageReference;
			repositoryURL = "https://github.com/scalessec/Toast-Swift.git";
			requirement = {
				kind = upToNextMajorVersion;
				minimumVersion = 5.0.1;
			};
		};
		63ADEA072B4648B2000A0CB4 /* XCRemoteSwiftPackageReference "kakao-ios-sdk-rx" */ = {
			isa = XCRemoteSwiftPackageReference;
			repositoryURL = "https://github.com/kakao/kakao-ios-sdk-rx";
			requirement = {
				kind = upToNextMajorVersion;
				minimumVersion = 2.20.0;
			};
		};
/* End XCRemoteSwiftPackageReference section */

/* Begin XCSwiftPackageProductDependency section */
		631A60C92B44ED11005509C2 /* SnapKit */ = {
			isa = XCSwiftPackageProductDependency;
			package = 631A60C82B44ED11005509C2 /* XCRemoteSwiftPackageReference "SnapKit" */;
			productName = SnapKit;
		};
		631A60CE2B44ED19005509C2 /* ReactorKit */ = {
			isa = XCSwiftPackageProductDependency;
			package = 631A60CD2B44ED19005509C2 /* XCRemoteSwiftPackageReference "ReactorKit" */;
			productName = ReactorKit;
		};
		631E33952B45553B0053DBD7 /* RxBlocking */ = {
			isa = XCSwiftPackageProductDependency;
			package = 631E33942B45553B0053DBD7 /* XCRemoteSwiftPackageReference "RxSwift" */;
			productName = RxBlocking;
		};
		631E33992B45553B0053DBD7 /* RxCocoa */ = {
			isa = XCSwiftPackageProductDependency;
			package = 631E33942B45553B0053DBD7 /* XCRemoteSwiftPackageReference "RxSwift" */;
			productName = RxCocoa;
		};
		631E339D2B45553B0053DBD7 /* RxRelay */ = {
			isa = XCSwiftPackageProductDependency;
			package = 631E33942B45553B0053DBD7 /* XCRemoteSwiftPackageReference "RxSwift" */;
			productName = RxRelay;
		};
		631E33A12B45553B0053DBD7 /* RxSwift */ = {
			isa = XCSwiftPackageProductDependency;
			package = 631E33942B45553B0053DBD7 /* XCRemoteSwiftPackageReference "RxSwift" */;
			productName = RxSwift;
		};
		6324D6EB2B46F15F00AA1AC0 /* Alamofire */ = {
			isa = XCSwiftPackageProductDependency;
			package = 6324D6EA2B46F15F00AA1AC0 /* XCRemoteSwiftPackageReference "Alamofire" */;
			productName = Alamofire;
		};
		638FCD262B47FB700053D1BB /* Toast */ = {
			isa = XCSwiftPackageProductDependency;
			package = 638FCD252B47FB700053D1BB /* XCRemoteSwiftPackageReference "Toast-Swift" */;
			productName = Toast;
		};
		63A148A72B45564F005CF155 /* RxBlocking */ = {
			isa = XCSwiftPackageProductDependency;
			package = 631E33942B45553B0053DBD7 /* XCRemoteSwiftPackageReference "RxSwift" */;
			productName = RxBlocking;
		};
		63A148AB2B45564F005CF155 /* RxCocoa */ = {
			isa = XCSwiftPackageProductDependency;
			package = 631E33942B45553B0053DBD7 /* XCRemoteSwiftPackageReference "RxSwift" */;
			productName = RxCocoa;
		};
		63A148AF2B45564F005CF155 /* RxRelay */ = {
			isa = XCSwiftPackageProductDependency;
			package = 631E33942B45553B0053DBD7 /* XCRemoteSwiftPackageReference "RxSwift" */;
			productName = RxRelay;
		};
		63ADEA082B4648B2000A0CB4 /* RxKakaoSDK */ = {
			isa = XCSwiftPackageProductDependency;
			package = 63ADEA072B4648B2000A0CB4 /* XCRemoteSwiftPackageReference "kakao-ios-sdk-rx" */;
			productName = RxKakaoSDK;
		};
		63ADEA0A2B4648B2000A0CB4 /* RxKakaoSDKAuth */ = {
			isa = XCSwiftPackageProductDependency;
			package = 63ADEA072B4648B2000A0CB4 /* XCRemoteSwiftPackageReference "kakao-ios-sdk-rx" */;
			productName = RxKakaoSDKAuth;
		};
		63ADEA0C2B4648B2000A0CB4 /* RxKakaoSDKCommon */ = {
			isa = XCSwiftPackageProductDependency;
			package = 63ADEA072B4648B2000A0CB4 /* XCRemoteSwiftPackageReference "kakao-ios-sdk-rx" */;
			productName = RxKakaoSDKCommon;
		};
		63ADEA102B4648B2000A0CB4 /* RxKakaoSDKShare */ = {
			isa = XCSwiftPackageProductDependency;
			package = 63ADEA072B4648B2000A0CB4 /* XCRemoteSwiftPackageReference "kakao-ios-sdk-rx" */;
			productName = RxKakaoSDKShare;
		};
		63ADEA142B4648B2000A0CB4 /* RxKakaoSDKUser */ = {
			isa = XCSwiftPackageProductDependency;
			package = 63ADEA072B4648B2000A0CB4 /* XCRemoteSwiftPackageReference "kakao-ios-sdk-rx" */;
			productName = RxKakaoSDKUser;
		};
/* End XCSwiftPackageProductDependency section */
	};
	rootObject = 631A609E2B44ECEE005509C2 /* Project object */;
}
