// !$*UTF8*$!
{
	archiveVersion = 1;
	classes = {
	};
	objectVersion = 56;
	objects = {

/* Begin PBXBuildFile section */
		631A60AA2B44ECEE005509C2 /* AppDelegate.swift in Sources */ = {isa = PBXBuildFile; fileRef = 631A60A92B44ECEE005509C2 /* AppDelegate.swift */; };
		631A60AC2B44ECEE005509C2 /* SceneDelegate.swift in Sources */ = {isa = PBXBuildFile; fileRef = 631A60AB2B44ECEE005509C2 /* SceneDelegate.swift */; };
		631A60AE2B44ECEE005509C2 /* ViewController.swift in Sources */ = {isa = PBXBuildFile; fileRef = 631A60AD2B44ECEE005509C2 /* ViewController.swift */; };
		631A60B12B44ECEE005509C2 /* Main.storyboard in Resources */ = {isa = PBXBuildFile; fileRef = 631A60AF2B44ECEE005509C2 /* Main.storyboard */; };
		631A60B32B44ECEF005509C2 /* Assets.xcassets in Resources */ = {isa = PBXBuildFile; fileRef = 631A60B22B44ECEF005509C2 /* Assets.xcassets */; };
		631A60B62B44ECEF005509C2 /* LaunchScreen.storyboard in Resources */ = {isa = PBXBuildFile; fileRef = 631A60B42B44ECEF005509C2 /* LaunchScreen.storyboard */; };
		631A60CA2B44ED11005509C2 /* SnapKit in Frameworks */ = {isa = PBXBuildFile; productRef = 631A60C92B44ED11005509C2 /* SnapKit */; };
		631A60CF2B44ED19005509C2 /* ReactorKit in Frameworks */ = {isa = PBXBuildFile; productRef = 631A60CE2B44ED19005509C2 /* ReactorKit */; };
		631A60D62B44EDF5005509C2 /* BaseVC.swift in Sources */ = {isa = PBXBuildFile; fileRef = 631A60D42B44EDF5005509C2 /* BaseVC.swift */; };
		631A60D72B44EDF5005509C2 /* ButtonConfiguration.swift in Sources */ = {isa = PBXBuildFile; fileRef = 631A60D52B44EDF5005509C2 /* ButtonConfiguration.swift */; };
		631A60E12B44EE02005509C2 /* AppConstraints.swift in Sources */ = {isa = PBXBuildFile; fileRef = 631A60DB2B44EE01005509C2 /* AppConstraints.swift */; };
		631A60E22B44EE02005509C2 /* AppFont.swift in Sources */ = {isa = PBXBuildFile; fileRef = 631A60DC2B44EE01005509C2 /* AppFont.swift */; };
		631A60EA2B44EE0B005509C2 /* BaseService.swift in Sources */ = {isa = PBXBuildFile; fileRef = 631A60E72B44EE0B005509C2 /* BaseService.swift */; };
		631A60EB2B44EE0B005509C2 /* BasicProvider.swift in Sources */ = {isa = PBXBuildFile; fileRef = 631A60E82B44EE0B005509C2 /* BasicProvider.swift */; };
		631A60EC2B44EE0B005509C2 /* AuthService.swift in Sources */ = {isa = PBXBuildFile; fileRef = 631A60E92B44EE0B005509C2 /* AuthService.swift */; };
		631A60F02B44EE15005509C2 /* OnboardingReactor.swift in Sources */ = {isa = PBXBuildFile; fileRef = 631A60EE2B44EE15005509C2 /* OnboardingReactor.swift */; };
		631A60F12B44EE15005509C2 /* OnboardingView.swift in Sources */ = {isa = PBXBuildFile; fileRef = 631A60EF2B44EE15005509C2 /* OnboardingView.swift */; };
		631A60F62B450189005509C2 /* SF-Pro.ttf in Resources */ = {isa = PBXBuildFile; fileRef = 631A60F42B44FE30005509C2 /* SF-Pro.ttf */; };
		631A60F72B45018D005509C2 /* SF-Pro-Italic.ttf in Resources */ = {isa = PBXBuildFile; fileRef = 631A60F52B44FE30005509C2 /* SF-Pro-Italic.ttf */; };
		631A60F92B452058005509C2 /* AuthPresentView.swift in Sources */ = {isa = PBXBuildFile; fileRef = 631A60F82B452058005509C2 /* AuthPresentView.swift */; };
		631A60FB2B4528A5005509C2 /* SignUpView.swift in Sources */ = {isa = PBXBuildFile; fileRef = 631A60FA2B4528A5005509C2 /* SignUpView.swift */; };
		631A60FD2B452953005509C2 /* .gitignore in Resources */ = {isa = PBXBuildFile; fileRef = 631A60FC2B452953005509C2 /* .gitignore */; };
		631A60FF2B452976005509C2 /* SecretKey.swift in Sources */ = {isa = PBXBuildFile; fileRef = 631A60FE2B452976005509C2 /* SecretKey.swift */; };
		631E33962B45553B0053DBD7 /* RxBlocking in Frameworks */ = {isa = PBXBuildFile; productRef = 631E33952B45553B0053DBD7 /* RxBlocking */; };
		631E339A2B45553B0053DBD7 /* RxCocoa in Frameworks */ = {isa = PBXBuildFile; productRef = 631E33992B45553B0053DBD7 /* RxCocoa */; };
		631E339E2B45553B0053DBD7 /* RxRelay in Frameworks */ = {isa = PBXBuildFile; productRef = 631E339D2B45553B0053DBD7 /* RxRelay */; };
		631E33A22B45553B0053DBD7 /* RxSwift in Frameworks */ = {isa = PBXBuildFile; productRef = 631E33A12B45553B0053DBD7 /* RxSwift */; };
		632A2D612B4DAD1800E21DE8 /* WSwriterReactor.swift in Sources */ = {isa = PBXBuildFile; fileRef = 632A2D602B4DAD1800E21DE8 /* WSwriterReactor.swift */; };
		632A2D632B4DAD7400E21DE8 /* WScreateReactor.swift in Sources */ = {isa = PBXBuildFile; fileRef = 632A2D622B4DAD7400E21DE8 /* WScreateReactor.swift */; };
		632D8EB32B4D290200A99293 /* WSwriterView.swift in Sources */ = {isa = PBXBuildFile; fileRef = 632D8EB22B4D290200A99293 /* WSwriterView.swift */; };
		633584692B45610C00B83555 /* SignInEmailView.swift in Sources */ = {isa = PBXBuildFile; fileRef = 633584682B45610C00B83555 /* SignInEmailView.swift */; };
		63358D662B53FB93005C5BD4 /* HomeReactor.swift in Sources */ = {isa = PBXBuildFile; fileRef = 63358D652B53FB93005C5BD4 /* HomeReactor.swift */; };
		63358D6A2B53FD89005C5BD4 /* CHWriterView.swift in Sources */ = {isa = PBXBuildFile; fileRef = 63358D692B53FD89005C5BD4 /* CHWriterView.swift */; };
		63358D6C2B53FE0A005C5BD4 /* CHExploreView.swift in Sources */ = {isa = PBXBuildFile; fileRef = 63358D6B2B53FE0A005C5BD4 /* CHExploreView.swift */; };
		63358D6F2B540213005C5BD4 /* CHExploreView+CollectionView.swift in Sources */ = {isa = PBXBuildFile; fileRef = 63358D6E2B540213005C5BD4 /* CHExploreView+CollectionView.swift */; };
		63358D712B540256005C5BD4 /* CHExploreView+DS.swift in Sources */ = {isa = PBXBuildFile; fileRef = 63358D702B540256005C5BD4 /* CHExploreView+DS.swift */; };
		634C4C612B4E2EDA006B6CCC /* ProfileImgView.swift in Sources */ = {isa = PBXBuildFile; fileRef = 634C4C602B4E2EDA006B6CCC /* ProfileImgView.swift */; };
		634F023C2B5A6BA900505B65 /* ChatCell.swift in Sources */ = {isa = PBXBuildFile; fileRef = 634F023B2B5A6BA900505B65 /* ChatCell.swift */; };
		636028052B555B5E00AF8731 /* WriterView.swift in Sources */ = {isa = PBXBuildFile; fileRef = 636028042B555B5E00AF8731 /* WriterView.swift */; };
		636028082B555D8200AF8731 /* WriterReactor.swift in Sources */ = {isa = PBXBuildFile; fileRef = 636028072B555D8200AF8731 /* WriterReactor.swift */; };
		6360280A2B555DB200AF8731 /* CHToastType.swift in Sources */ = {isa = PBXBuildFile; fileRef = 636028092B555DB200AF8731 /* CHToastType.swift */; };
		6360280C2B55605100AF8731 /* CHWriterReactor.swift in Sources */ = {isa = PBXBuildFile; fileRef = 6360280B2B55605100AF8731 /* CHWriterReactor.swift */; };
		636213012B4E93ED0093D089 /* EditImageView.swift in Sources */ = {isa = PBXBuildFile; fileRef = 636213002B4E93ED0093D089 /* EditImageView.swift */; };
		636213032B4E94F90093D089 /* CropView.swift in Sources */ = {isa = PBXBuildFile; fileRef = 636213022B4E94F90093D089 /* CropView.swift */; };
		636213062B4E95F60093D089 /* ImageManager.swift in Sources */ = {isa = PBXBuildFile; fileRef = 636213052B4E95F60093D089 /* ImageManager.swift */; };
		636213082B4E96220093D089 /* ImageManager+Fetch.swift in Sources */ = {isa = PBXBuildFile; fileRef = 636213072B4E96220093D089 /* ImageManager+Fetch.swift */; };
		6362130A2B4E96360093D089 /* ImageManagerError.swift in Sources */ = {isa = PBXBuildFile; fileRef = 636213092B4E96360093D089 /* ImageManagerError.swift */; };
		636213122B4E9FE70093D089 /* CropImageManager.swift in Sources */ = {isa = PBXBuildFile; fileRef = 636213112B4E9FE70093D089 /* CropImageManager.swift */; };
		636213142B4EA0DD0093D089 /* CropImageModifier.swift in Sources */ = {isa = PBXBuildFile; fileRef = 636213132B4EA0DD0093D089 /* CropImageModifier.swift */; };
		6368352A2B47A56C00E38683 /* AppManager.swift in Sources */ = {isa = PBXBuildFile; fileRef = 636835292B47A56C00E38683 /* AppManager.swift */; };
		636C13872B4986BB006D9962 /* SignInToastType.swift in Sources */ = {isa = PBXBuildFile; fileRef = 636C13862B4986BB006D9962 /* SignInToastType.swift */; };
		636CFBB42B510743003F02ED /* WSMainVM.swift in Sources */ = {isa = PBXBuildFile; fileRef = 636CFBB32B510743003F02ED /* WSMainVM.swift */; };
		636FB1602B4851B2000E5F03 /* AuthBtn.swift in Sources */ = {isa = PBXBuildFile; fileRef = 636FB15F2B4851B2000E5F03 /* AuthBtn.swift */; };
		6373AAFA2B594C260010968C /* CHSettingView.swift in Sources */ = {isa = PBXBuildFile; fileRef = 6373AAF92B594C260010968C /* CHSettingView.swift */; };
		6373AAFC2B5952400010968C /* UINavigationSwipable.swift in Sources */ = {isa = PBXBuildFile; fileRef = 6373AAFB2B5952400010968C /* UINavigationSwipable.swift */; };
		6373EDDE2B4B8B3F00D24353 /* SideVC.swift in Sources */ = {isa = PBXBuildFile; fileRef = 6373EDDD2B4B8B3F00D24353 /* SideVC.swift */; };
		637488C42B50C739008AAD4A /* ScreenSize.swift in Sources */ = {isa = PBXBuildFile; fileRef = 637488C12B50C739008AAD4A /* ScreenSize.swift */; };
		637488C52B50C739008AAD4A /* UserDefaults+State.swift in Sources */ = {isa = PBXBuildFile; fileRef = 637488C22B50C739008AAD4A /* UserDefaults+State.swift */; };
		637488C62B50C739008AAD4A /* AnyModelStore.swift in Sources */ = {isa = PBXBuildFile; fileRef = 637488C32B50C739008AAD4A /* AnyModelStore.swift */; };
		6376BAF22B5A8964000FBBF8 /* CHChatCollectionView.swift in Sources */ = {isa = PBXBuildFile; fileRef = 6376BAF12B5A8964000FBBF8 /* CHChatCollectionView.swift */; };
		6376BAF42B5A8986000FBBF8 /* CHChatViewRegistration.swift in Sources */ = {isa = PBXBuildFile; fileRef = 6376BAF32B5A8986000FBBF8 /* CHChatViewRegistration.swift */; };
		6376BAF62B5A8B30000FBBF8 /* CHChatView+DS.swift in Sources */ = {isa = PBXBuildFile; fileRef = 6376BAF52B5A8B30000FBBF8 /* CHChatView+DS.swift */; };
		6377E6512B5AD07000238583 /* ScrollViewDown.swift in Sources */ = {isa = PBXBuildFile; fileRef = 6377E6502B5AD07000238583 /* ScrollViewDown.swift */; };
		637B15782B4CD62700B68963 /* SolackAlert+UIKit.swift in Sources */ = {isa = PBXBuildFile; fileRef = 637B15772B4CD62700B68963 /* SolackAlert+UIKit.swift */; };
		637B157A2B4CD72500B68963 /* TransparentBackground.swift in Sources */ = {isa = PBXBuildFile; fileRef = 637B15792B4CD72500B68963 /* TransparentBackground.swift */; };
		637B157D2B4CF1BA00B68963 /* WorkSpaceEmptyView.swift in Sources */ = {isa = PBXBuildFile; fileRef = 637B157C2B4CF1BA00B68963 /* WorkSpaceEmptyView.swift */; };
		637B157F2B4CF20600B68963 /* WorkSpaceListView.swift in Sources */ = {isa = PBXBuildFile; fileRef = 637B157E2B4CF20600B68963 /* WorkSpaceListView.swift */; };
		6384A9B82B47122500AA2F1B /* Alamofire in Frameworks */ = {isa = PBXBuildFile; productRef = 6324D6EB2B46F15F00AA1AC0 /* Alamofire */; };
		6384A9BB2B47123400AA2F1B /* KakaoAuthManager.swift in Sources */ = {isa = PBXBuildFile; fileRef = 6384A9BA2B47123400AA2F1B /* KakaoAuthManager.swift */; };
		6384A9C62B47125600AA2F1B /* BaseInterceptor.swift in Sources */ = {isa = PBXBuildFile; fileRef = 6384A9BF2B47125600AA2F1B /* BaseInterceptor.swift */; };
		6384A9C72B47125600AA2F1B /* NetworkManager.swift in Sources */ = {isa = PBXBuildFile; fileRef = 6384A9C02B47125600AA2F1B /* NetworkManager.swift */; };
		6384A9C82B47125600AA2F1B /* SingUpInfo.swift in Sources */ = {isa = PBXBuildFile; fileRef = 6384A9C22B47125600AA2F1B /* SingUpInfo.swift */; };
		6384A9C92B47125600AA2F1B /* UserInfo+NM.swift in Sources */ = {isa = PBXBuildFile; fileRef = 6384A9C32B47125600AA2F1B /* UserInfo+NM.swift */; };
		6384A9CA2B47125600AA2F1B /* UserRouter.swift in Sources */ = {isa = PBXBuildFile; fileRef = 6384A9C42B47125600AA2F1B /* UserRouter.swift */; };
		6384A9CB2B47125600AA2F1B /* SingInInfo.swift in Sources */ = {isa = PBXBuildFile; fileRef = 6384A9C52B47125600AA2F1B /* SingInInfo.swift */; };
		6384A9CE2B47133200AA2F1B /* Tokens.swift in Sources */ = {isa = PBXBuildFile; fileRef = 6384A9CD2B47133200AA2F1B /* Tokens.swift */; };
		6384A9D12B47134200AA2F1B /* Errors.swift in Sources */ = {isa = PBXBuildFile; fileRef = 6384A9D02B47134200AA2F1B /* Errors.swift */; };
		6389CEA82B5D6102002A70A9 /* WSEmptyView.swift in Sources */ = {isa = PBXBuildFile; fileRef = 6389CEA72B5D6102002A70A9 /* WSEmptyView.swift */; };
		6389CEAA2B5D7B4D002A70A9 /* WSDetailResponse.swift in Sources */ = {isa = PBXBuildFile; fileRef = 6389CEA92B5D7B4D002A70A9 /* WSDetailResponse.swift */; };
		6389CEAD2B5D7D3C002A70A9 /* CHResponse.swift in Sources */ = {isa = PBXBuildFile; fileRef = 6389CEAC2B5D7D3C002A70A9 /* CHResponse.swift */; };
		6389CEB12B5D7DB1002A70A9 /* UserResponse.swift in Sources */ = {isa = PBXBuildFile; fileRef = 6389CEB02B5D7DB1002A70A9 /* UserResponse.swift */; };
		6389CEB32B5D830D002A70A9 /* WorkSpace.swift in Sources */ = {isa = PBXBuildFile; fileRef = 6389CEB22B5D830D002A70A9 /* WorkSpace.swift */; };
		6389CEB52B5D8398002A70A9 /* WSService+HomeFeatures.swift in Sources */ = {isa = PBXBuildFile; fileRef = 6389CEB42B5D8398002A70A9 /* WSService+HomeFeatures.swift */; };
		638FCD272B47FB700053D1BB /* Toast in Frameworks */ = {isa = PBXBuildFile; productRef = 638FCD262B47FB700053D1BB /* Toast */; };
		638FCD2A2B48000E0053D1BB /* InputFieldView.swift in Sources */ = {isa = PBXBuildFile; fileRef = 638FCD292B48000E0053D1BB /* InputFieldView.swift */; };
		638FCD2C2B48002C0053D1BB /* CheckFieldView.swift in Sources */ = {isa = PBXBuildFile; fileRef = 638FCD2B2B48002C0053D1BB /* CheckFieldView.swift */; };
		639A4AEC2B52B045005360F6 /* WorkSpaceAlert.swift in Sources */ = {isa = PBXBuildFile; fileRef = 639A4AEB2B52B045005360F6 /* WorkSpaceAlert.swift */; };
		639A4AEF2B52C798005360F6 /* SolackAlert+SwiftUI.swift in Sources */ = {isa = PBXBuildFile; fileRef = 639A4AEE2B52C798005360F6 /* SolackAlert+SwiftUI.swift */; };
		639A4AF12B52C7D4005360F6 /* SolackAlertComponents.swift in Sources */ = {isa = PBXBuildFile; fileRef = 639A4AF02B52C7D4005360F6 /* SolackAlertComponents.swift */; };
		639AFDE12B52CA1A00FA8280 /* WSManagerView.swift in Sources */ = {isa = PBXBuildFile; fileRef = 639AFDE02B52CA1A00FA8280 /* WSManagerView.swift */; };
		639AFDE32B52D04100FA8280 /* WSManagerView+CollectionView.swift in Sources */ = {isa = PBXBuildFile; fileRef = 639AFDE22B52D04100FA8280 /* WSManagerView+CollectionView.swift */; };
		639AFDE52B52D37D00FA8280 /* WSManagerView+DS.swift in Sources */ = {isa = PBXBuildFile; fileRef = 639AFDE42B52D37D00FA8280 /* WSManagerView+DS.swift */; };
		639AFDE72B52E49600FA8280 /* ToastModifier+SwiftUI.swift in Sources */ = {isa = PBXBuildFile; fileRef = 639AFDE62B52E49600FA8280 /* ToastModifier+SwiftUI.swift */; };
		639B8A702B491BA40024B4DD /* AuthReactor.swift in Sources */ = {isa = PBXBuildFile; fileRef = 639B8A6F2B491BA40024B4DD /* AuthReactor.swift */; };
		639B8A732B491C030024B4DD /* SignUpToastType.swift in Sources */ = {isa = PBXBuildFile; fileRef = 639B8A722B491C030024B4DD /* SignUpToastType.swift */; };
		639B8A752B491C1A0024B4DD /* SignUpFieldType.swift in Sources */ = {isa = PBXBuildFile; fileRef = 639B8A742B491C1A0024B4DD /* SignUpFieldType.swift */; };
		639CCA3B2B499F39005B35DF /* SignService.swift in Sources */ = {isa = PBXBuildFile; fileRef = 639CCA3A2B499F39005B35DF /* SignService.swift */; };
		639CFE652B5801D40030729E /* HomeVC+Animation.swift in Sources */ = {isa = PBXBuildFile; fileRef = 639CFE642B5801D40030729E /* HomeVC+Animation.swift */; };
		639CFE672B5808A40030729E /* SliderVC.swift in Sources */ = {isa = PBXBuildFile; fileRef = 639CFE662B5808A40030729E /* SliderVC.swift */; };
		639DEAFB2B452E8300108979 /* AuthViewReactor.swift in Sources */ = {isa = PBXBuildFile; fileRef = 639DEAFA2B452E8300108979 /* AuthViewReactor.swift */; };
		639DEB002B4534CB00108979 /* SignUpViewReactor.swift in Sources */ = {isa = PBXBuildFile; fileRef = 639DEAFF2B4534CB00108979 /* SignUpViewReactor.swift */; };
		639E0C9E2B5832FA0076A4D8 /* Slider.swift in Sources */ = {isa = PBXBuildFile; fileRef = 639E0C9D2B5832FA0076A4D8 /* Slider.swift */; };
		639E0CA02B583DE00076A4D8 /* WSMainView.swift in Sources */ = {isa = PBXBuildFile; fileRef = 639E0C9F2B583DE00076A4D8 /* WSMainView.swift */; };
		639E0CA22B5843F30076A4D8 /* WSSliderVC.swift in Sources */ = {isa = PBXBuildFile; fileRef = 639E0CA12B5843F30076A4D8 /* WSSliderVC.swift */; };
		63A148A82B45564F005CF155 /* RxBlocking in Frameworks */ = {isa = PBXBuildFile; productRef = 63A148A72B45564F005CF155 /* RxBlocking */; };
		63A148AC2B45564F005CF155 /* RxCocoa in Frameworks */ = {isa = PBXBuildFile; productRef = 63A148AB2B45564F005CF155 /* RxCocoa */; };
		63A148B02B45564F005CF155 /* RxRelay in Frameworks */ = {isa = PBXBuildFile; productRef = 63A148AF2B45564F005CF155 /* RxRelay */; };
		63ADEA092B4648B2000A0CB4 /* RxKakaoSDK in Frameworks */ = {isa = PBXBuildFile; productRef = 63ADEA082B4648B2000A0CB4 /* RxKakaoSDK */; };
		63ADEA0B2B4648B2000A0CB4 /* RxKakaoSDKAuth in Frameworks */ = {isa = PBXBuildFile; productRef = 63ADEA0A2B4648B2000A0CB4 /* RxKakaoSDKAuth */; };
		63ADEA0D2B4648B2000A0CB4 /* RxKakaoSDKCommon in Frameworks */ = {isa = PBXBuildFile; productRef = 63ADEA0C2B4648B2000A0CB4 /* RxKakaoSDKCommon */; };
		63ADEA112B4648B2000A0CB4 /* RxKakaoSDKShare in Frameworks */ = {isa = PBXBuildFile; productRef = 63ADEA102B4648B2000A0CB4 /* RxKakaoSDKShare */; };
		63ADEA152B4648B2000A0CB4 /* RxKakaoSDKUser in Frameworks */ = {isa = PBXBuildFile; productRef = 63ADEA142B4648B2000A0CB4 /* RxKakaoSDKUser */; };
		63C346F42B55738C00293991 /* CHInviteView.swift in Sources */ = {isa = PBXBuildFile; fileRef = 63C346F32B55738C00293991 /* CHInviteView.swift */; };
		63C346F72B55754C00293991 /* CHChatView.swift in Sources */ = {isa = PBXBuildFile; fileRef = 63C346F62B55754C00293991 /* CHChatView.swift */; };
		63C346FD2B55882700293991 /* WriterConfiguration.swift in Sources */ = {isa = PBXBuildFile; fileRef = 63C346FC2B55882700293991 /* WriterConfiguration.swift */; };
		63DFDF862B4D00B600F47AB5 /* ManagerDialog.swift in Sources */ = {isa = PBXBuildFile; fileRef = 63DFDF852B4D00B600F47AB5 /* ManagerDialog.swift */; };
		63DFDF882B4D00DC00F47AB5 /* UserDialog.swift in Sources */ = {isa = PBXBuildFile; fileRef = 63DFDF872B4D00DC00F47AB5 /* UserDialog.swift */; };
		63E38ED32B510A4600BD6C93 /* TaskCounter.swift in Sources */ = {isa = PBXBuildFile; fileRef = 63E38ED22B510A4600BD6C93 /* TaskCounter.swift */; };
		63E38ED62B510C3400BD6C93 /* ImageCache.swift in Sources */ = {isa = PBXBuildFile; fileRef = 63E38ED52B510C3400BD6C93 /* ImageCache.swift */; };
		63E38ED82B51127100BD6C93 /* ImageCache+Core.swift in Sources */ = {isa = PBXBuildFile; fileRef = 63E38ED72B51127100BD6C93 /* ImageCache+Core.swift */; };
		63E38EDB2B511FAA00BD6C93 /* ImageRouter.swift in Sources */ = {isa = PBXBuildFile; fileRef = 63E38EDA2B511FAA00BD6C93 /* ImageRouter.swift */; };
		63E38EDD2B514B5600BD6C93 /* WorkSpaceBottomView.swift in Sources */ = {isa = PBXBuildFile; fileRef = 63E38EDC2B514B5600BD6C93 /* WorkSpaceBottomView.swift */; };
		63E38EE12B515FE800BD6C93 /* ToastType.swift in Sources */ = {isa = PBXBuildFile; fileRef = 63E38EE02B515FE800BD6C93 /* ToastType.swift */; };
		63E38EE32B5167E500BD6C93 /* WSTostType.swift in Sources */ = {isa = PBXBuildFile; fileRef = 63E38EE22B5167E500BD6C93 /* WSTostType.swift */; };
		63E38EE52B516B2F00BD6C93 /* WSMainVM+WSServiceBinding.swift in Sources */ = {isa = PBXBuildFile; fileRef = 63E38EE42B516B2F00BD6C93 /* WSMainVM+WSServiceBinding.swift */; };
		63E4AFCC2B491CED00E0B6A1 /* SignUpReactor+Mutate.swift in Sources */ = {isa = PBXBuildFile; fileRef = 63E4AFCB2B491CED00E0B6A1 /* SignUpReactor+Mutate.swift */; };
		63E4AFCE2B49525300E0B6A1 /* SignResponse.swift in Sources */ = {isa = PBXBuildFile; fileRef = 63E4AFCD2B49525300E0B6A1 /* SignResponse.swift */; };
		63E4AFD22B49668C00E0B6A1 /* User.swift in Sources */ = {isa = PBXBuildFile; fileRef = 63E4AFD12B49668C00E0B6A1 /* User.swift */; };
		63E4AFD52B497FC300E0B6A1 /* EmailSignInReactor.swift in Sources */ = {isa = PBXBuildFile; fileRef = 63E4AFD42B497FC300E0B6A1 /* EmailSignInReactor.swift */; };
		63E4AFD72B49806B00E0B6A1 /* EmailSignInReactor+Mutate.swift in Sources */ = {isa = PBXBuildFile; fileRef = 63E4AFD62B49806B00E0B6A1 /* EmailSignInReactor+Mutate.swift */; };
		63F0AEC22B4AB8C8000A597B /* HomeVC.swift in Sources */ = {isa = PBXBuildFile; fileRef = 63F0AEC12B4AB8C8000A597B /* HomeVC.swift */; };
		63F0AEC42B4AB920000A597B /* HomeVC+CollectionView.swift in Sources */ = {isa = PBXBuildFile; fileRef = 63F0AEC32B4AB920000A597B /* HomeVC+CollectionView.swift */; };
		63F0AEC62B4ABA1E000A597B /* HomeVC+DS.swift in Sources */ = {isa = PBXBuildFile; fileRef = 63F0AEC52B4ABA1E000A597B /* HomeVC+DS.swift */; };
		63F0AEC92B4ABC05000A597B /* NewMessageBtn.swift in Sources */ = {isa = PBXBuildFile; fileRef = 63F0AEC82B4ABC05000A597B /* NewMessageBtn.swift */; };
		63F0AECB2B4AD886000A597B /* ChannelListItemView.swift in Sources */ = {isa = PBXBuildFile; fileRef = 63F0AECA2B4AD886000A597B /* ChannelListItemView.swift */; };
		63F0AECD2B4AE21A000A597B /* AppendListBottom.swift in Sources */ = {isa = PBXBuildFile; fileRef = 63F0AECC2B4AE21A000A597B /* AppendListBottom.swift */; };
		63F0AECF2B4B001B000A597B /* HomeVC+CollectionStructures.swift in Sources */ = {isa = PBXBuildFile; fileRef = 63F0AECE2B4B001B000A597B /* HomeVC+CollectionStructures.swift */; };
		63F0AED12B4B03B6000A597B /* DirectMsgListItemView.swift in Sources */ = {isa = PBXBuildFile; fileRef = 63F0AED02B4B03B6000A597B /* DirectMsgListItemView.swift */; };
		63F0AED32B4B0775000A597B /* HomeVC+CellRegistration.swift in Sources */ = {isa = PBXBuildFile; fileRef = 63F0AED22B4B0775000A597B /* HomeVC+CellRegistration.swift */; };
		63F0AED52B4B0889000A597B /* NaviBar.swift in Sources */ = {isa = PBXBuildFile; fileRef = 63F0AED42B4B0889000A597B /* NaviBar.swift */; };
		63F0AED72B4B093A000A597B /* BaseView.swift in Sources */ = {isa = PBXBuildFile; fileRef = 63F0AED62B4B093A000A597B /* BaseView.swift */; };
		63F265F82B53AFAE007D865C /* WSEditReactor.swift in Sources */ = {isa = PBXBuildFile; fileRef = 63F265F72B53AFAE007D865C /* WSEditReactor.swift */; };
		63F265FA2B53BA76007D865C /* WSService+AvailCheck.swift in Sources */ = {isa = PBXBuildFile; fileRef = 63F265F92B53BA76007D865C /* WSService+AvailCheck.swift */; };
		63F265FC2B53F1EF007D865C /* WSManagerReactor.swift in Sources */ = {isa = PBXBuildFile; fileRef = 63F265FB2B53F1EF007D865C /* WSManagerReactor.swift */; };
		63F7C4A12B4EEA4B003D8447 /* WorkSpaceService.swift in Sources */ = {isa = PBXBuildFile; fileRef = 63F7C4A02B4EEA4B003D8447 /* WorkSpaceService.swift */; };
		63F7C4A42B4EEBC8003D8447 /* WorkSpaceRouter.swift in Sources */ = {isa = PBXBuildFile; fileRef = 63F7C4A32B4EEBC8003D8447 /* WorkSpaceRouter.swift */; };
		63F7C4A62B4F772E003D8447 /* WSInfo.swift in Sources */ = {isa = PBXBuildFile; fileRef = 63F7C4A52B4F772E003D8447 /* WSInfo.swift */; };
		63F7C4A82B4F77BA003D8447 /* WSResponse.swift in Sources */ = {isa = PBXBuildFile; fileRef = 63F7C4A72B4F77BA003D8447 /* WSResponse.swift */; };
		63F7C4AA2B4F7CE8003D8447 /* ErrorCode.swift in Sources */ = {isa = PBXBuildFile; fileRef = 63F7C4A92B4F7CE8003D8447 /* ErrorCode.swift */; };
		63F7C4AC2B4F7E64003D8447 /* WS+NM.swift in Sources */ = {isa = PBXBuildFile; fileRef = 63F7C4AB2B4F7E64003D8447 /* WS+NM.swift */; };
		63F7C4AE2B4F8A04003D8447 /* ImageManager+Compression.swift in Sources */ = {isa = PBXBuildFile; fileRef = 63F7C4AD2B4F8A04003D8447 /* ImageManager+Compression.swift */; };
		63F7C4B02B4F9298003D8447 /* AuthCredentail.swift in Sources */ = {isa = PBXBuildFile; fileRef = 63F7C4AF2B4F9298003D8447 /* AuthCredentail.swift */; };
		63F7C4B22B4F929F003D8447 /* BaseAuthenticator.swift in Sources */ = {isa = PBXBuildFile; fileRef = 63F7C4B12B4F929F003D8447 /* BaseAuthenticator.swift */; };
		63F7C4B62B4FB2D3003D8447 /* AuthRouter.swift in Sources */ = {isa = PBXBuildFile; fileRef = 63F7C4B52B4FB2D3003D8447 /* AuthRouter.swift */; };
		63F7C4B82B4FB49B003D8447 /* Auth+NM.swift in Sources */ = {isa = PBXBuildFile; fileRef = 63F7C4B72B4FB49B003D8447 /* Auth+NM.swift */; };
		63F7C4BA2B4FD931003D8447 /* AuthInterceptor.swift in Sources */ = {isa = PBXBuildFile; fileRef = 63F7C4B92B4FD931003D8447 /* AuthInterceptor.swift */; };
		63F7C4BC2B4FDC5A003D8447 /* WSwriter+Binding.swift in Sources */ = {isa = PBXBuildFile; fileRef = 63F7C4BB2B4FDC59003D8447 /* WSwriter+Binding.swift */; };
		63F7C4BE2B4FE72F003D8447 /* UINavigationController.swift in Sources */ = {isa = PBXBuildFile; fileRef = 63F7C4BD2B4FE72F003D8447 /* UINavigationController.swift */; };
		63FA653F2B49ADBB00C744C8 /* TabController.swift in Sources */ = {isa = PBXBuildFile; fileRef = 63FA653E2B49ADBB00C744C8 /* TabController.swift */; };
/* End PBXBuildFile section */

/* Begin PBXCopyFilesBuildPhase section */
		631E338E2B4554F60053DBD7 /* Embed Frameworks */ = {
			isa = PBXCopyFilesBuildPhase;
			buildActionMask = 2147483647;
			dstPath = "";
			dstSubfolderSpec = 10;
			files = (
			);
			name = "Embed Frameworks";
			runOnlyForDeploymentPostprocessing = 0;
		};
/* End PBXCopyFilesBuildPhase section */

/* Begin PBXFileReference section */
		631A60A62B44ECEE005509C2 /* SolackProject.app */ = {isa = PBXFileReference; explicitFileType = wrapper.application; includeInIndex = 0; path = SolackProject.app; sourceTree = BUILT_PRODUCTS_DIR; };
		631A60A92B44ECEE005509C2 /* AppDelegate.swift */ = {isa = PBXFileReference; lastKnownFileType = sourcecode.swift; path = AppDelegate.swift; sourceTree = "<group>"; };
		631A60AB2B44ECEE005509C2 /* SceneDelegate.swift */ = {isa = PBXFileReference; lastKnownFileType = sourcecode.swift; path = SceneDelegate.swift; sourceTree = "<group>"; };
		631A60AD2B44ECEE005509C2 /* ViewController.swift */ = {isa = PBXFileReference; lastKnownFileType = sourcecode.swift; path = ViewController.swift; sourceTree = "<group>"; };
		631A60B02B44ECEE005509C2 /* Base */ = {isa = PBXFileReference; lastKnownFileType = file.storyboard; name = Base; path = Base.lproj/Main.storyboard; sourceTree = "<group>"; };
		631A60B22B44ECEF005509C2 /* Assets.xcassets */ = {isa = PBXFileReference; lastKnownFileType = folder.assetcatalog; path = Assets.xcassets; sourceTree = "<group>"; };
		631A60B52B44ECEF005509C2 /* Base */ = {isa = PBXFileReference; lastKnownFileType = file.storyboard; name = Base; path = Base.lproj/LaunchScreen.storyboard; sourceTree = "<group>"; };
		631A60B72B44ECEF005509C2 /* Info.plist */ = {isa = PBXFileReference; lastKnownFileType = text.plist.xml; path = Info.plist; sourceTree = "<group>"; };
		631A60D42B44EDF5005509C2 /* BaseVC.swift */ = {isa = PBXFileReference; fileEncoding = 4; lastKnownFileType = sourcecode.swift; path = BaseVC.swift; sourceTree = "<group>"; };
		631A60D52B44EDF5005509C2 /* ButtonConfiguration.swift */ = {isa = PBXFileReference; fileEncoding = 4; lastKnownFileType = sourcecode.swift; path = ButtonConfiguration.swift; sourceTree = "<group>"; };
		631A60DB2B44EE01005509C2 /* AppConstraints.swift */ = {isa = PBXFileReference; fileEncoding = 4; lastKnownFileType = sourcecode.swift; path = AppConstraints.swift; sourceTree = "<group>"; };
		631A60DC2B44EE01005509C2 /* AppFont.swift */ = {isa = PBXFileReference; fileEncoding = 4; lastKnownFileType = sourcecode.swift; path = AppFont.swift; sourceTree = "<group>"; };
		631A60E72B44EE0B005509C2 /* BaseService.swift */ = {isa = PBXFileReference; fileEncoding = 4; lastKnownFileType = sourcecode.swift; path = BaseService.swift; sourceTree = "<group>"; };
		631A60E82B44EE0B005509C2 /* BasicProvider.swift */ = {isa = PBXFileReference; fileEncoding = 4; lastKnownFileType = sourcecode.swift; path = BasicProvider.swift; sourceTree = "<group>"; };
		631A60E92B44EE0B005509C2 /* AuthService.swift */ = {isa = PBXFileReference; fileEncoding = 4; lastKnownFileType = sourcecode.swift; path = AuthService.swift; sourceTree = "<group>"; };
		631A60EE2B44EE15005509C2 /* OnboardingReactor.swift */ = {isa = PBXFileReference; fileEncoding = 4; lastKnownFileType = sourcecode.swift; path = OnboardingReactor.swift; sourceTree = "<group>"; };
		631A60EF2B44EE15005509C2 /* OnboardingView.swift */ = {isa = PBXFileReference; fileEncoding = 4; lastKnownFileType = sourcecode.swift; path = OnboardingView.swift; sourceTree = "<group>"; };
		631A60F42B44FE30005509C2 /* SF-Pro.ttf */ = {isa = PBXFileReference; lastKnownFileType = file; path = "SF-Pro.ttf"; sourceTree = "<group>"; };
		631A60F52B44FE30005509C2 /* SF-Pro-Italic.ttf */ = {isa = PBXFileReference; lastKnownFileType = file; path = "SF-Pro-Italic.ttf"; sourceTree = "<group>"; };
		631A60F82B452058005509C2 /* AuthPresentView.swift */ = {isa = PBXFileReference; lastKnownFileType = sourcecode.swift; path = AuthPresentView.swift; sourceTree = "<group>"; };
		631A60FA2B4528A5005509C2 /* SignUpView.swift */ = {isa = PBXFileReference; lastKnownFileType = sourcecode.swift; path = SignUpView.swift; sourceTree = "<group>"; };
		631A60FC2B452953005509C2 /* .gitignore */ = {isa = PBXFileReference; lastKnownFileType = text; path = .gitignore; sourceTree = "<group>"; };
		631A60FE2B452976005509C2 /* SecretKey.swift */ = {isa = PBXFileReference; lastKnownFileType = sourcecode.swift; path = SecretKey.swift; sourceTree = "<group>"; };
		632A2D602B4DAD1800E21DE8 /* WSwriterReactor.swift */ = {isa = PBXFileReference; lastKnownFileType = sourcecode.swift; path = WSwriterReactor.swift; sourceTree = "<group>"; };
		632A2D622B4DAD7400E21DE8 /* WScreateReactor.swift */ = {isa = PBXFileReference; lastKnownFileType = sourcecode.swift; path = WScreateReactor.swift; sourceTree = "<group>"; };
		632D8EB22B4D290200A99293 /* WSwriterView.swift */ = {isa = PBXFileReference; lastKnownFileType = sourcecode.swift; path = WSwriterView.swift; sourceTree = "<group>"; };
		6331232C2B54BFBA00742FB0 /* SolackProject.entitlements */ = {isa = PBXFileReference; lastKnownFileType = text.plist.entitlements; path = SolackProject.entitlements; sourceTree = "<group>"; };
		633584682B45610C00B83555 /* SignInEmailView.swift */ = {isa = PBXFileReference; lastKnownFileType = sourcecode.swift; path = SignInEmailView.swift; sourceTree = "<group>"; };
		63358D652B53FB93005C5BD4 /* HomeReactor.swift */ = {isa = PBXFileReference; lastKnownFileType = sourcecode.swift; path = HomeReactor.swift; sourceTree = "<group>"; };
		63358D692B53FD89005C5BD4 /* CHWriterView.swift */ = {isa = PBXFileReference; lastKnownFileType = sourcecode.swift; path = CHWriterView.swift; sourceTree = "<group>"; };
		63358D6B2B53FE0A005C5BD4 /* CHExploreView.swift */ = {isa = PBXFileReference; lastKnownFileType = sourcecode.swift; path = CHExploreView.swift; sourceTree = "<group>"; };
		63358D6E2B540213005C5BD4 /* CHExploreView+CollectionView.swift */ = {isa = PBXFileReference; lastKnownFileType = sourcecode.swift; path = "CHExploreView+CollectionView.swift"; sourceTree = "<group>"; };
		63358D702B540256005C5BD4 /* CHExploreView+DS.swift */ = {isa = PBXFileReference; lastKnownFileType = sourcecode.swift; path = "CHExploreView+DS.swift"; sourceTree = "<group>"; };
		634C4C602B4E2EDA006B6CCC /* ProfileImgView.swift */ = {isa = PBXFileReference; lastKnownFileType = sourcecode.swift; path = ProfileImgView.swift; sourceTree = "<group>"; };
		634F023B2B5A6BA900505B65 /* ChatCell.swift */ = {isa = PBXFileReference; lastKnownFileType = sourcecode.swift; path = ChatCell.swift; sourceTree = "<group>"; };
		636028042B555B5E00AF8731 /* WriterView.swift */ = {isa = PBXFileReference; lastKnownFileType = sourcecode.swift; path = WriterView.swift; sourceTree = "<group>"; };
		636028072B555D8200AF8731 /* WriterReactor.swift */ = {isa = PBXFileReference; lastKnownFileType = sourcecode.swift; path = WriterReactor.swift; sourceTree = "<group>"; };
		636028092B555DB200AF8731 /* CHToastType.swift */ = {isa = PBXFileReference; lastKnownFileType = sourcecode.swift; path = CHToastType.swift; sourceTree = "<group>"; };
		6360280B2B55605100AF8731 /* CHWriterReactor.swift */ = {isa = PBXFileReference; lastKnownFileType = sourcecode.swift; path = CHWriterReactor.swift; sourceTree = "<group>"; };
		636213002B4E93ED0093D089 /* EditImageView.swift */ = {isa = PBXFileReference; lastKnownFileType = sourcecode.swift; path = EditImageView.swift; sourceTree = "<group>"; };
		636213022B4E94F90093D089 /* CropView.swift */ = {isa = PBXFileReference; lastKnownFileType = sourcecode.swift; path = CropView.swift; sourceTree = "<group>"; };
		636213052B4E95F60093D089 /* ImageManager.swift */ = {isa = PBXFileReference; lastKnownFileType = sourcecode.swift; path = ImageManager.swift; sourceTree = "<group>"; };
		636213072B4E96220093D089 /* ImageManager+Fetch.swift */ = {isa = PBXFileReference; lastKnownFileType = sourcecode.swift; path = "ImageManager+Fetch.swift"; sourceTree = "<group>"; };
		636213092B4E96360093D089 /* ImageManagerError.swift */ = {isa = PBXFileReference; lastKnownFileType = sourcecode.swift; path = ImageManagerError.swift; sourceTree = "<group>"; };
		636213112B4E9FE70093D089 /* CropImageManager.swift */ = {isa = PBXFileReference; lastKnownFileType = sourcecode.swift; path = CropImageManager.swift; sourceTree = "<group>"; };
		636213132B4EA0DD0093D089 /* CropImageModifier.swift */ = {isa = PBXFileReference; lastKnownFileType = sourcecode.swift; path = CropImageModifier.swift; sourceTree = "<group>"; };
		636835292B47A56C00E38683 /* AppManager.swift */ = {isa = PBXFileReference; fileEncoding = 4; lastKnownFileType = sourcecode.swift; path = AppManager.swift; sourceTree = "<group>"; };
		636C13862B4986BB006D9962 /* SignInToastType.swift */ = {isa = PBXFileReference; lastKnownFileType = sourcecode.swift; path = SignInToastType.swift; sourceTree = "<group>"; };
		636CFBB32B510743003F02ED /* WSMainVM.swift */ = {isa = PBXFileReference; lastKnownFileType = sourcecode.swift; path = WSMainVM.swift; sourceTree = "<group>"; };
		636FB15F2B4851B2000E5F03 /* AuthBtn.swift */ = {isa = PBXFileReference; lastKnownFileType = sourcecode.swift; path = AuthBtn.swift; sourceTree = "<group>"; };
		6373AAF92B594C260010968C /* CHSettingView.swift */ = {isa = PBXFileReference; lastKnownFileType = sourcecode.swift; path = CHSettingView.swift; sourceTree = "<group>"; };
		6373AAFB2B5952400010968C /* UINavigationSwipable.swift */ = {isa = PBXFileReference; lastKnownFileType = sourcecode.swift; path = UINavigationSwipable.swift; sourceTree = "<group>"; };
		6373EDDD2B4B8B3F00D24353 /* SideVC.swift */ = {isa = PBXFileReference; lastKnownFileType = sourcecode.swift; path = SideVC.swift; sourceTree = "<group>"; };
		637488C12B50C739008AAD4A /* ScreenSize.swift */ = {isa = PBXFileReference; fileEncoding = 4; lastKnownFileType = sourcecode.swift; path = ScreenSize.swift; sourceTree = "<group>"; };
		637488C22B50C739008AAD4A /* UserDefaults+State.swift */ = {isa = PBXFileReference; fileEncoding = 4; lastKnownFileType = sourcecode.swift; path = "UserDefaults+State.swift"; sourceTree = "<group>"; };
		637488C32B50C739008AAD4A /* AnyModelStore.swift */ = {isa = PBXFileReference; fileEncoding = 4; lastKnownFileType = sourcecode.swift; path = AnyModelStore.swift; sourceTree = "<group>"; };
		6376BAF12B5A8964000FBBF8 /* CHChatCollectionView.swift */ = {isa = PBXFileReference; lastKnownFileType = sourcecode.swift; path = CHChatCollectionView.swift; sourceTree = "<group>"; };
		6376BAF32B5A8986000FBBF8 /* CHChatViewRegistration.swift */ = {isa = PBXFileReference; lastKnownFileType = sourcecode.swift; path = CHChatViewRegistration.swift; sourceTree = "<group>"; };
		6376BAF52B5A8B30000FBBF8 /* CHChatView+DS.swift */ = {isa = PBXFileReference; lastKnownFileType = sourcecode.swift; path = "CHChatView+DS.swift"; sourceTree = "<group>"; };
		6377E6502B5AD07000238583 /* ScrollViewDown.swift */ = {isa = PBXFileReference; lastKnownFileType = sourcecode.swift; path = ScrollViewDown.swift; sourceTree = "<group>"; };
		637B15772B4CD62700B68963 /* SolackAlert+UIKit.swift */ = {isa = PBXFileReference; lastKnownFileType = sourcecode.swift; path = "SolackAlert+UIKit.swift"; sourceTree = "<group>"; };
		637B15792B4CD72500B68963 /* TransparentBackground.swift */ = {isa = PBXFileReference; lastKnownFileType = sourcecode.swift; path = TransparentBackground.swift; sourceTree = "<group>"; };
		637B157C2B4CF1BA00B68963 /* WorkSpaceEmptyView.swift */ = {isa = PBXFileReference; lastKnownFileType = sourcecode.swift; path = WorkSpaceEmptyView.swift; sourceTree = "<group>"; };
		637B157E2B4CF20600B68963 /* WorkSpaceListView.swift */ = {isa = PBXFileReference; lastKnownFileType = sourcecode.swift; path = WorkSpaceListView.swift; sourceTree = "<group>"; };
		6384A9BA2B47123400AA2F1B /* KakaoAuthManager.swift */ = {isa = PBXFileReference; fileEncoding = 4; lastKnownFileType = sourcecode.swift; path = KakaoAuthManager.swift; sourceTree = "<group>"; };
		6384A9BF2B47125600AA2F1B /* BaseInterceptor.swift */ = {isa = PBXFileReference; fileEncoding = 4; lastKnownFileType = sourcecode.swift; path = BaseInterceptor.swift; sourceTree = "<group>"; };
		6384A9C02B47125600AA2F1B /* NetworkManager.swift */ = {isa = PBXFileReference; fileEncoding = 4; lastKnownFileType = sourcecode.swift; path = NetworkManager.swift; sourceTree = "<group>"; };
		6384A9C22B47125600AA2F1B /* SingUpInfo.swift */ = {isa = PBXFileReference; fileEncoding = 4; lastKnownFileType = sourcecode.swift; path = SingUpInfo.swift; sourceTree = "<group>"; };
		6384A9C32B47125600AA2F1B /* UserInfo+NM.swift */ = {isa = PBXFileReference; fileEncoding = 4; lastKnownFileType = sourcecode.swift; path = "UserInfo+NM.swift"; sourceTree = "<group>"; };
		6384A9C42B47125600AA2F1B /* UserRouter.swift */ = {isa = PBXFileReference; fileEncoding = 4; lastKnownFileType = sourcecode.swift; path = UserRouter.swift; sourceTree = "<group>"; };
		6384A9C52B47125600AA2F1B /* SingInInfo.swift */ = {isa = PBXFileReference; fileEncoding = 4; lastKnownFileType = sourcecode.swift; path = SingInInfo.swift; sourceTree = "<group>"; };
		6384A9CD2B47133200AA2F1B /* Tokens.swift */ = {isa = PBXFileReference; fileEncoding = 4; lastKnownFileType = sourcecode.swift; path = Tokens.swift; sourceTree = "<group>"; };
		6384A9D02B47134200AA2F1B /* Errors.swift */ = {isa = PBXFileReference; fileEncoding = 4; lastKnownFileType = sourcecode.swift; path = Errors.swift; sourceTree = "<group>"; };
		6389CEA72B5D6102002A70A9 /* WSEmptyView.swift */ = {isa = PBXFileReference; lastKnownFileType = sourcecode.swift; path = WSEmptyView.swift; sourceTree = "<group>"; };
		6389CEA92B5D7B4D002A70A9 /* WSDetailResponse.swift */ = {isa = PBXFileReference; lastKnownFileType = sourcecode.swift; path = WSDetailResponse.swift; sourceTree = "<group>"; };
		6389CEAC2B5D7D3C002A70A9 /* CHResponse.swift */ = {isa = PBXFileReference; lastKnownFileType = sourcecode.swift; path = CHResponse.swift; sourceTree = "<group>"; };
		6389CEB02B5D7DB1002A70A9 /* UserResponse.swift */ = {isa = PBXFileReference; lastKnownFileType = sourcecode.swift; path = UserResponse.swift; sourceTree = "<group>"; };
		6389CEB22B5D830D002A70A9 /* WorkSpace.swift */ = {isa = PBXFileReference; lastKnownFileType = sourcecode.swift; path = WorkSpace.swift; sourceTree = "<group>"; };
		6389CEB42B5D8398002A70A9 /* WSService+HomeFeatures.swift */ = {isa = PBXFileReference; lastKnownFileType = sourcecode.swift; path = "WSService+HomeFeatures.swift"; sourceTree = "<group>"; };
		638FCD292B48000E0053D1BB /* InputFieldView.swift */ = {isa = PBXFileReference; lastKnownFileType = sourcecode.swift; path = InputFieldView.swift; sourceTree = "<group>"; };
		638FCD2B2B48002C0053D1BB /* CheckFieldView.swift */ = {isa = PBXFileReference; lastKnownFileType = sourcecode.swift; path = CheckFieldView.swift; sourceTree = "<group>"; };
		639A4AEB2B52B045005360F6 /* WorkSpaceAlert.swift */ = {isa = PBXFileReference; lastKnownFileType = sourcecode.swift; path = WorkSpaceAlert.swift; sourceTree = "<group>"; };
		639A4AEE2B52C798005360F6 /* SolackAlert+SwiftUI.swift */ = {isa = PBXFileReference; lastKnownFileType = sourcecode.swift; path = "SolackAlert+SwiftUI.swift"; sourceTree = "<group>"; };
		639A4AF02B52C7D4005360F6 /* SolackAlertComponents.swift */ = {isa = PBXFileReference; lastKnownFileType = sourcecode.swift; path = SolackAlertComponents.swift; sourceTree = "<group>"; };
		639AFDE02B52CA1A00FA8280 /* WSManagerView.swift */ = {isa = PBXFileReference; lastKnownFileType = sourcecode.swift; path = WSManagerView.swift; sourceTree = "<group>"; };
		639AFDE22B52D04100FA8280 /* WSManagerView+CollectionView.swift */ = {isa = PBXFileReference; lastKnownFileType = sourcecode.swift; path = "WSManagerView+CollectionView.swift"; sourceTree = "<group>"; };
		639AFDE42B52D37D00FA8280 /* WSManagerView+DS.swift */ = {isa = PBXFileReference; lastKnownFileType = sourcecode.swift; path = "WSManagerView+DS.swift"; sourceTree = "<group>"; };
		639AFDE62B52E49600FA8280 /* ToastModifier+SwiftUI.swift */ = {isa = PBXFileReference; lastKnownFileType = sourcecode.swift; path = "ToastModifier+SwiftUI.swift"; sourceTree = "<group>"; };
		639B8A6F2B491BA40024B4DD /* AuthReactor.swift */ = {isa = PBXFileReference; lastKnownFileType = sourcecode.swift; path = AuthReactor.swift; sourceTree = "<group>"; };
		639B8A722B491C030024B4DD /* SignUpToastType.swift */ = {isa = PBXFileReference; lastKnownFileType = sourcecode.swift; path = SignUpToastType.swift; sourceTree = "<group>"; };
		639B8A742B491C1A0024B4DD /* SignUpFieldType.swift */ = {isa = PBXFileReference; lastKnownFileType = sourcecode.swift; path = SignUpFieldType.swift; sourceTree = "<group>"; };
		639CCA3A2B499F39005B35DF /* SignService.swift */ = {isa = PBXFileReference; lastKnownFileType = sourcecode.swift; path = SignService.swift; sourceTree = "<group>"; };
		639CFE642B5801D40030729E /* HomeVC+Animation.swift */ = {isa = PBXFileReference; lastKnownFileType = sourcecode.swift; path = "HomeVC+Animation.swift"; sourceTree = "<group>"; };
		639CFE662B5808A40030729E /* SliderVC.swift */ = {isa = PBXFileReference; lastKnownFileType = sourcecode.swift; path = SliderVC.swift; sourceTree = "<group>"; };
		639DEAFA2B452E8300108979 /* AuthViewReactor.swift */ = {isa = PBXFileReference; lastKnownFileType = sourcecode.swift; path = AuthViewReactor.swift; sourceTree = "<group>"; };
		639DEAFF2B4534CB00108979 /* SignUpViewReactor.swift */ = {isa = PBXFileReference; lastKnownFileType = sourcecode.swift; path = SignUpViewReactor.swift; sourceTree = "<group>"; };
		639E0C9D2B5832FA0076A4D8 /* Slider.swift */ = {isa = PBXFileReference; lastKnownFileType = sourcecode.swift; path = Slider.swift; sourceTree = "<group>"; };
		639E0C9F2B583DE00076A4D8 /* WSMainView.swift */ = {isa = PBXFileReference; lastKnownFileType = sourcecode.swift; path = WSMainView.swift; sourceTree = "<group>"; };
		639E0CA12B5843F30076A4D8 /* WSSliderVC.swift */ = {isa = PBXFileReference; lastKnownFileType = sourcecode.swift; path = WSSliderVC.swift; sourceTree = "<group>"; };
		63ADEA1A2B467E20000A0CB4 /* Config.xcconfig */ = {isa = PBXFileReference; lastKnownFileType = text.xcconfig; path = Config.xcconfig; sourceTree = "<group>"; };
		63C346F32B55738C00293991 /* CHInviteView.swift */ = {isa = PBXFileReference; lastKnownFileType = sourcecode.swift; path = CHInviteView.swift; sourceTree = "<group>"; };
		63C346F62B55754C00293991 /* CHChatView.swift */ = {isa = PBXFileReference; lastKnownFileType = sourcecode.swift; path = CHChatView.swift; sourceTree = "<group>"; };
		63C346FC2B55882700293991 /* WriterConfiguration.swift */ = {isa = PBXFileReference; lastKnownFileType = sourcecode.swift; path = WriterConfiguration.swift; sourceTree = "<group>"; };
		63DFDF852B4D00B600F47AB5 /* ManagerDialog.swift */ = {isa = PBXFileReference; lastKnownFileType = sourcecode.swift; path = ManagerDialog.swift; sourceTree = "<group>"; };
		63DFDF872B4D00DC00F47AB5 /* UserDialog.swift */ = {isa = PBXFileReference; lastKnownFileType = sourcecode.swift; path = UserDialog.swift; sourceTree = "<group>"; };
		63E38ED22B510A4600BD6C93 /* TaskCounter.swift */ = {isa = PBXFileReference; lastKnownFileType = sourcecode.swift; path = TaskCounter.swift; sourceTree = "<group>"; };
		63E38ED52B510C3400BD6C93 /* ImageCache.swift */ = {isa = PBXFileReference; lastKnownFileType = sourcecode.swift; path = ImageCache.swift; sourceTree = "<group>"; };
		63E38ED72B51127100BD6C93 /* ImageCache+Core.swift */ = {isa = PBXFileReference; lastKnownFileType = sourcecode.swift; path = "ImageCache+Core.swift"; sourceTree = "<group>"; };
		63E38EDA2B511FAA00BD6C93 /* ImageRouter.swift */ = {isa = PBXFileReference; lastKnownFileType = sourcecode.swift; path = ImageRouter.swift; sourceTree = "<group>"; };
		63E38EDC2B514B5600BD6C93 /* WorkSpaceBottomView.swift */ = {isa = PBXFileReference; lastKnownFileType = sourcecode.swift; path = WorkSpaceBottomView.swift; sourceTree = "<group>"; };
		63E38EE02B515FE800BD6C93 /* ToastType.swift */ = {isa = PBXFileReference; lastKnownFileType = sourcecode.swift; path = ToastType.swift; sourceTree = "<group>"; };
		63E38EE22B5167E500BD6C93 /* WSTostType.swift */ = {isa = PBXFileReference; lastKnownFileType = sourcecode.swift; path = WSTostType.swift; sourceTree = "<group>"; };
		63E38EE42B516B2F00BD6C93 /* WSMainVM+WSServiceBinding.swift */ = {isa = PBXFileReference; lastKnownFileType = sourcecode.swift; path = "WSMainVM+WSServiceBinding.swift"; sourceTree = "<group>"; };
		63E4AFCB2B491CED00E0B6A1 /* SignUpReactor+Mutate.swift */ = {isa = PBXFileReference; lastKnownFileType = sourcecode.swift; path = "SignUpReactor+Mutate.swift"; sourceTree = "<group>"; };
		63E4AFCD2B49525300E0B6A1 /* SignResponse.swift */ = {isa = PBXFileReference; lastKnownFileType = sourcecode.swift; path = SignResponse.swift; sourceTree = "<group>"; };
		63E4AFD12B49668C00E0B6A1 /* User.swift */ = {isa = PBXFileReference; lastKnownFileType = sourcecode.swift; path = User.swift; sourceTree = "<group>"; };
		63E4AFD42B497FC300E0B6A1 /* EmailSignInReactor.swift */ = {isa = PBXFileReference; lastKnownFileType = sourcecode.swift; path = EmailSignInReactor.swift; sourceTree = "<group>"; };
		63E4AFD62B49806B00E0B6A1 /* EmailSignInReactor+Mutate.swift */ = {isa = PBXFileReference; lastKnownFileType = sourcecode.swift; path = "EmailSignInReactor+Mutate.swift"; sourceTree = "<group>"; };
		63F0AEC12B4AB8C8000A597B /* HomeVC.swift */ = {isa = PBXFileReference; lastKnownFileType = sourcecode.swift; path = HomeVC.swift; sourceTree = "<group>"; };
		63F0AEC32B4AB920000A597B /* HomeVC+CollectionView.swift */ = {isa = PBXFileReference; lastKnownFileType = sourcecode.swift; path = "HomeVC+CollectionView.swift"; sourceTree = "<group>"; };
		63F0AEC52B4ABA1E000A597B /* HomeVC+DS.swift */ = {isa = PBXFileReference; lastKnownFileType = sourcecode.swift; path = "HomeVC+DS.swift"; sourceTree = "<group>"; };
		63F0AEC82B4ABC05000A597B /* NewMessageBtn.swift */ = {isa = PBXFileReference; lastKnownFileType = sourcecode.swift; path = NewMessageBtn.swift; sourceTree = "<group>"; };
		63F0AECA2B4AD886000A597B /* ChannelListItemView.swift */ = {isa = PBXFileReference; lastKnownFileType = sourcecode.swift; path = ChannelListItemView.swift; sourceTree = "<group>"; };
		63F0AECC2B4AE21A000A597B /* AppendListBottom.swift */ = {isa = PBXFileReference; lastKnownFileType = sourcecode.swift; path = AppendListBottom.swift; sourceTree = "<group>"; };
		63F0AECE2B4B001B000A597B /* HomeVC+CollectionStructures.swift */ = {isa = PBXFileReference; lastKnownFileType = sourcecode.swift; path = "HomeVC+CollectionStructures.swift"; sourceTree = "<group>"; };
		63F0AED02B4B03B6000A597B /* DirectMsgListItemView.swift */ = {isa = PBXFileReference; lastKnownFileType = sourcecode.swift; path = DirectMsgListItemView.swift; sourceTree = "<group>"; };
		63F0AED22B4B0775000A597B /* HomeVC+CellRegistration.swift */ = {isa = PBXFileReference; lastKnownFileType = sourcecode.swift; path = "HomeVC+CellRegistration.swift"; sourceTree = "<group>"; };
		63F0AED42B4B0889000A597B /* NaviBar.swift */ = {isa = PBXFileReference; lastKnownFileType = sourcecode.swift; path = NaviBar.swift; sourceTree = "<group>"; };
		63F0AED62B4B093A000A597B /* BaseView.swift */ = {isa = PBXFileReference; lastKnownFileType = sourcecode.swift; path = BaseView.swift; sourceTree = "<group>"; };
		63F265F72B53AFAE007D865C /* WSEditReactor.swift */ = {isa = PBXFileReference; lastKnownFileType = sourcecode.swift; path = WSEditReactor.swift; sourceTree = "<group>"; };
		63F265F92B53BA76007D865C /* WSService+AvailCheck.swift */ = {isa = PBXFileReference; lastKnownFileType = sourcecode.swift; path = "WSService+AvailCheck.swift"; sourceTree = "<group>"; };
		63F265FB2B53F1EF007D865C /* WSManagerReactor.swift */ = {isa = PBXFileReference; lastKnownFileType = sourcecode.swift; path = WSManagerReactor.swift; sourceTree = "<group>"; };
		63F7C4A02B4EEA4B003D8447 /* WorkSpaceService.swift */ = {isa = PBXFileReference; lastKnownFileType = sourcecode.swift; path = WorkSpaceService.swift; sourceTree = "<group>"; };
		63F7C4A32B4EEBC8003D8447 /* WorkSpaceRouter.swift */ = {isa = PBXFileReference; lastKnownFileType = sourcecode.swift; path = WorkSpaceRouter.swift; sourceTree = "<group>"; };
		63F7C4A52B4F772E003D8447 /* WSInfo.swift */ = {isa = PBXFileReference; lastKnownFileType = sourcecode.swift; path = WSInfo.swift; sourceTree = "<group>"; };
		63F7C4A72B4F77BA003D8447 /* WSResponse.swift */ = {isa = PBXFileReference; lastKnownFileType = sourcecode.swift; path = WSResponse.swift; sourceTree = "<group>"; };
		63F7C4A92B4F7CE8003D8447 /* ErrorCode.swift */ = {isa = PBXFileReference; lastKnownFileType = sourcecode.swift; path = ErrorCode.swift; sourceTree = "<group>"; };
		63F7C4AB2B4F7E64003D8447 /* WS+NM.swift */ = {isa = PBXFileReference; lastKnownFileType = sourcecode.swift; path = "WS+NM.swift"; sourceTree = "<group>"; };
		63F7C4AD2B4F8A04003D8447 /* ImageManager+Compression.swift */ = {isa = PBXFileReference; lastKnownFileType = sourcecode.swift; path = "ImageManager+Compression.swift"; sourceTree = "<group>"; };
		63F7C4AF2B4F9298003D8447 /* AuthCredentail.swift */ = {isa = PBXFileReference; fileEncoding = 4; lastKnownFileType = sourcecode.swift; path = AuthCredentail.swift; sourceTree = "<group>"; };
		63F7C4B12B4F929F003D8447 /* BaseAuthenticator.swift */ = {isa = PBXFileReference; fileEncoding = 4; lastKnownFileType = sourcecode.swift; path = BaseAuthenticator.swift; sourceTree = "<group>"; };
		63F7C4B52B4FB2D3003D8447 /* AuthRouter.swift */ = {isa = PBXFileReference; lastKnownFileType = sourcecode.swift; path = AuthRouter.swift; sourceTree = "<group>"; };
		63F7C4B72B4FB49B003D8447 /* Auth+NM.swift */ = {isa = PBXFileReference; lastKnownFileType = sourcecode.swift; path = "Auth+NM.swift"; sourceTree = "<group>"; };
		63F7C4B92B4FD931003D8447 /* AuthInterceptor.swift */ = {isa = PBXFileReference; lastKnownFileType = sourcecode.swift; path = AuthInterceptor.swift; sourceTree = "<group>"; };
		63F7C4BB2B4FDC59003D8447 /* WSwriter+Binding.swift */ = {isa = PBXFileReference; lastKnownFileType = sourcecode.swift; path = "WSwriter+Binding.swift"; sourceTree = "<group>"; };
		63F7C4BD2B4FE72F003D8447 /* UINavigationController.swift */ = {isa = PBXFileReference; lastKnownFileType = sourcecode.swift; path = UINavigationController.swift; sourceTree = "<group>"; };
		63FA653E2B49ADBB00C744C8 /* TabController.swift */ = {isa = PBXFileReference; lastKnownFileType = sourcecode.swift; path = TabController.swift; sourceTree = "<group>"; };
/* End PBXFileReference section */

/* Begin PBXFrameworksBuildPhase section */
		631A60A32B44ECEE005509C2 /* Frameworks */ = {
			isa = PBXFrameworksBuildPhase;
			buildActionMask = 2147483647;
			files = (
				638FCD272B47FB700053D1BB /* Toast in Frameworks */,
				6384A9B82B47122500AA2F1B /* Alamofire in Frameworks */,
				63ADEA152B4648B2000A0CB4 /* RxKakaoSDKUser in Frameworks */,
				63ADEA0D2B4648B2000A0CB4 /* RxKakaoSDKCommon in Frameworks */,
				631E33A22B45553B0053DBD7 /* RxSwift in Frameworks */,
				631A60CF2B44ED19005509C2 /* ReactorKit in Frameworks */,
				631E33962B45553B0053DBD7 /* RxBlocking in Frameworks */,
				63ADEA112B4648B2000A0CB4 /* RxKakaoSDKShare in Frameworks */,
				631E339E2B45553B0053DBD7 /* RxRelay in Frameworks */,
				63A148A82B45564F005CF155 /* RxBlocking in Frameworks */,
				63A148B02B45564F005CF155 /* RxRelay in Frameworks */,
				631E339A2B45553B0053DBD7 /* RxCocoa in Frameworks */,
				63ADEA0B2B4648B2000A0CB4 /* RxKakaoSDKAuth in Frameworks */,
				631A60CA2B44ED11005509C2 /* SnapKit in Frameworks */,
				63A148AC2B45564F005CF155 /* RxCocoa in Frameworks */,
				63ADEA092B4648B2000A0CB4 /* RxKakaoSDK in Frameworks */,
			);
			runOnlyForDeploymentPostprocessing = 0;
		};
/* End PBXFrameworksBuildPhase section */

/* Begin PBXGroup section */
		631A609D2B44ECEE005509C2 = {
			isa = PBXGroup;
			children = (
				631A60A82B44ECEE005509C2 /* SolackProject */,
				631A60A72B44ECEE005509C2 /* Products */,
				631E33792B4554500053DBD7 /* Frameworks */,
			);
			sourceTree = "<group>";
		};
		631A60A72B44ECEE005509C2 /* Products */ = {
			isa = PBXGroup;
			children = (
				631A60A62B44ECEE005509C2 /* SolackProject.app */,
			);
			name = Products;
			sourceTree = "<group>";
		};
		631A60A82B44ECEE005509C2 /* SolackProject */ = {
			isa = PBXGroup;
			children = (
				6331232C2B54BFBA00742FB0 /* SolackProject.entitlements */,
				631A60ED2B44EE15005509C2 /* Scenes */,
				631A60E62B44EE0B005509C2 /* ReactorServices */,
				631A60D92B44EE01005509C2 /* Core */,
				631A60D82B44EDFA005509C2 /* Manager */,
				631A60D02B44EDF5005509C2 /* Helpers */,
				631A60A92B44ECEE005509C2 /* AppDelegate.swift */,
				631A60AB2B44ECEE005509C2 /* SceneDelegate.swift */,
				631A60AD2B44ECEE005509C2 /* ViewController.swift */,
				631A60AF2B44ECEE005509C2 /* Main.storyboard */,
				631A60B22B44ECEF005509C2 /* Assets.xcassets */,
				631A60B42B44ECEF005509C2 /* LaunchScreen.storyboard */,
				631A60B72B44ECEF005509C2 /* Info.plist */,
			);
			path = SolackProject;
			sourceTree = "<group>";
		};
		631A60D02B44EDF5005509C2 /* Helpers */ = {
			isa = PBXGroup;
			children = (
				637488C02B50C739008AAD4A /* Library */,
				631A60D12B44EDF5005509C2 /* Extensions */,
				631A60D22B44EDF5005509C2 /* UIHelpers */,
			);
			path = Helpers;
			sourceTree = "<group>";
		};
		631A60D12B44EDF5005509C2 /* Extensions */ = {
			isa = PBXGroup;
			children = (
			);
			path = Extensions;
			sourceTree = "<group>";
		};
		631A60D22B44EDF5005509C2 /* UIHelpers */ = {
			isa = PBXGroup;
			children = (
				639E0CA32B58447C0076A4D8 /* Slider */,
				639A4AED2B52C77A005360F6 /* SolackAlert */,
				637488C72B50C73D008AAD4A /* Extensions */,
				637B15762B4CD5C800B68963 /* SwiftUI */,
				631A60D32B44EDF5005509C2 /* UIKit */,
			);
			path = UIHelpers;
			sourceTree = "<group>";
		};
		631A60D32B44EDF5005509C2 /* UIKit */ = {
			isa = PBXGroup;
			children = (
				63C346F92B55880700293991 /* WriterView */,
				631A60D42B44EDF5005509C2 /* BaseVC.swift */,
				631A60D52B44EDF5005509C2 /* ButtonConfiguration.swift */,
				63F0AED62B4B093A000A597B /* BaseView.swift */,
				63F7C4BD2B4FE72F003D8447 /* UINavigationController.swift */,
				63E38EE02B515FE800BD6C93 /* ToastType.swift */,
				6377E6502B5AD07000238583 /* ScrollViewDown.swift */,
			);
			path = UIKit;
			sourceTree = "<group>";
		};
		631A60D82B44EDFA005509C2 /* Manager */ = {
			isa = PBXGroup;
			children = (
				6384A9BD2B47125600AA2F1B /* Network */,
				636213042B4E95EE0093D089 /* ImageManager */,
			);
			path = Manager;
			sourceTree = "<group>";
		};
		631A60D92B44EE01005509C2 /* Core */ = {
			isa = PBXGroup;
			children = (
				636835292B47A56C00E38683 /* AppManager.swift */,
				6384A9CF2B47134200AA2F1B /* SourceOfTruth */,
				6384A9CC2B47133200AA2F1B /* DefaultsValue */,
				631A60DA2B44EE01005509C2 /* Resources */,
			);
			path = Core;
			sourceTree = "<group>";
		};
		631A60DA2B44EE01005509C2 /* Resources */ = {
			isa = PBXGroup;
			children = (
				631A60F52B44FE30005509C2 /* SF-Pro-Italic.ttf */,
				631A60F42B44FE30005509C2 /* SF-Pro.ttf */,
				631A60DB2B44EE01005509C2 /* AppConstraints.swift */,
				631A60DC2B44EE01005509C2 /* AppFont.swift */,
				631A60FC2B452953005509C2 /* .gitignore */,
				63ADEA1A2B467E20000A0CB4 /* Config.xcconfig */,
				631A60FE2B452976005509C2 /* SecretKey.swift */,
			);
			path = Resources;
			sourceTree = "<group>";
		};
		631A60E62B44EE0B005509C2 /* ReactorServices */ = {
			isa = PBXGroup;
			children = (
				63F7C49F2B4EA662003D8447 /* WorkSpaceService */,
				639CCA3C2B499F3D005B35DF /* Auth */,
				631A60E72B44EE0B005509C2 /* BaseService.swift */,
				631A60E82B44EE0B005509C2 /* BasicProvider.swift */,
			);
			path = ReactorServices;
			sourceTree = "<group>";
		};
		631A60ED2B44EE15005509C2 /* Scenes */ = {
			isa = PBXGroup;
			children = (
				63358D672B53FD58005C5BD4 /* Channel(CH) */,
				632D8EB12B4D28F700A99293 /* WorkSpace(WS) */,
				63FA65402B49AF8400C744C8 /* MainTabBar */,
				63FA653D2B49ADA200C744C8 /* Home */,
				639DEAF92B452E3B00108979 /* Onboardin&Auth */,
			);
			path = Scenes;
			sourceTree = "<group>";
		};
		631E33792B4554500053DBD7 /* Frameworks */ = {
			isa = PBXGroup;
			children = (
			);
			name = Frameworks;
			sourceTree = "<group>";
		};
		6324D6E92B46EF5100AA1AC0 /* Reactors */ = {
			isa = PBXGroup;
			children = (
				63E4AFD32B497FAA00E0B6A1 /* EmailSignIn */,
				639B8A712B491BD30024B4DD /* SignUp */,
				639B8A6E2B491B780024B4DD /* Auth */,
				631A60EE2B44EE15005509C2 /* OnboardingReactor.swift */,
			);
			path = Reactors;
			sourceTree = "<group>";
		};
		632A2D5F2B4DACFC00E21DE8 /* Write */ = {
			isa = PBXGroup;
			children = (
				632D8EB22B4D290200A99293 /* WSwriterView.swift */,
				63F7C4BB2B4FDC59003D8447 /* WSwriter+Binding.swift */,
				634C4C602B4E2EDA006B6CCC /* ProfileImgView.swift */,
			);
			path = Write;
			sourceTree = "<group>";
		};
		632D8EB12B4D28F700A99293 /* WorkSpace(WS) */ = {
			isa = PBXGroup;
			children = (
				63E38EE62B516DC600BD6C93 /* Reactor-ViewModel */,
				639AFDDF2B52CA0700FA8280 /* WSManagerChange */,
				637B157B2B4CE86600B68963 /* WSMain */,
				632A2D5F2B4DACFC00E21DE8 /* Write */,
				6389CEA72B5D6102002A70A9 /* WSEmptyView.swift */,
			);
			path = "WorkSpace(WS)";
			sourceTree = "<group>";
		};
		633584672B4560F900B83555 /* SignInEmail */ = {
			isa = PBXGroup;
			children = (
				633584682B45610C00B83555 /* SignInEmailView.swift */,
				636C13862B4986BB006D9962 /* SignInToastType.swift */,
			);
			path = SignInEmail;
			sourceTree = "<group>";
		};
		63358D672B53FD58005C5BD4 /* Channel(CH) */ = {
			isa = PBXGroup;
			children = (
				636028062B555D4100AF8731 /* Reactor */,
				63C346F82B55756D00293991 /* CHSetting */,
				63C346F22B55737E00293991 /* CHInviteView */,
				63358D6D2B5401A7005C5BD4 /* CHExplore */,
				63C346F52B55752E00293991 /* CHChat */,
				63358D682B53FD7D005C5BD4 /* ChannelWrite */,
			);
			path = "Channel(CH)";
			sourceTree = "<group>";
		};
		63358D682B53FD7D005C5BD4 /* ChannelWrite */ = {
			isa = PBXGroup;
			children = (
				63358D692B53FD89005C5BD4 /* CHWriterView.swift */,
			);
			path = ChannelWrite;
			sourceTree = "<group>";
		};
		63358D6D2B5401A7005C5BD4 /* CHExplore */ = {
			isa = PBXGroup;
			children = (
				63358D6B2B53FE0A005C5BD4 /* CHExploreView.swift */,
				63358D6E2B540213005C5BD4 /* CHExploreView+CollectionView.swift */,
				63358D702B540256005C5BD4 /* CHExploreView+DS.swift */,
			);
			path = CHExplore;
			sourceTree = "<group>";
		};
		636028062B555D4100AF8731 /* Reactor */ = {
			isa = PBXGroup;
			children = (
				636028092B555DB200AF8731 /* CHToastType.swift */,
				636028072B555D8200AF8731 /* WriterReactor.swift */,
				6360280B2B55605100AF8731 /* CHWriterReactor.swift */,
			);
			path = Reactor;
			sourceTree = "<group>";
		};
		636213042B4E95EE0093D089 /* ImageManager */ = {
			isa = PBXGroup;
			children = (
				63E38ED42B510C2500BD6C93 /* CacheManager */,
				636213102B4E9FD00093D089 /* CropImage */,
				6362130E2B4E9F9D0093D089 /* UIComponents */,
				636213052B4E95F60093D089 /* ImageManager.swift */,
				636213072B4E96220093D089 /* ImageManager+Fetch.swift */,
				636213092B4E96360093D089 /* ImageManagerError.swift */,
				63F7C4AD2B4F8A04003D8447 /* ImageManager+Compression.swift */,
			);
			path = ImageManager;
			sourceTree = "<group>";
		};
		6362130E2B4E9F9D0093D089 /* UIComponents */ = {
			isa = PBXGroup;
			children = (
			);
			path = UIComponents;
			sourceTree = "<group>";
		};
		636213102B4E9FD00093D089 /* CropImage */ = {
			isa = PBXGroup;
			children = (
				636213002B4E93ED0093D089 /* EditImageView.swift */,
				636213152B4EA26E0093D089 /* Cores */,
			);
			path = CropImage;
			sourceTree = "<group>";
		};
		636213152B4EA26E0093D089 /* Cores */ = {
			isa = PBXGroup;
			children = (
				636213022B4E94F90093D089 /* CropView.swift */,
				636213112B4E9FE70093D089 /* CropImageManager.swift */,
				636213132B4EA0DD0093D089 /* CropImageModifier.swift */,
			);
			path = Cores;
			sourceTree = "<group>";
		};
		636CFBB22B510736003F02ED /* SideVM */ = {
			isa = PBXGroup;
			children = (
				636CFBB32B510743003F02ED /* WSMainVM.swift */,
				63E38EE42B516B2F00BD6C93 /* WSMainVM+WSServiceBinding.swift */,
			);
			path = SideVM;
			sourceTree = "<group>";
		};
		637488C02B50C739008AAD4A /* Library */ = {
			isa = PBXGroup;
			children = (
				637488C12B50C739008AAD4A /* ScreenSize.swift */,
				637488C22B50C739008AAD4A /* UserDefaults+State.swift */,
				637488C32B50C739008AAD4A /* AnyModelStore.swift */,
				63E38ED22B510A4600BD6C93 /* TaskCounter.swift */,
			);
			name = Library;
			path = SolackProject/Helpers/Library;
			sourceTree = SOURCE_ROOT;
		};
		637488C72B50C73D008AAD4A /* Extensions */ = {
			isa = PBXGroup;
			children = (
				6373AAFB2B5952400010968C /* UINavigationSwipable.swift */,
			);
			name = Extensions;
			path = SolackProject/Helpers/Extensions;
			sourceTree = SOURCE_ROOT;
		};
		637B15762B4CD5C800B68963 /* SwiftUI */ = {
			isa = PBXGroup;
			children = (
				637B15792B4CD72500B68963 /* TransparentBackground.swift */,
				639AFDE62B52E49600FA8280 /* ToastModifier+SwiftUI.swift */,
			);
			path = SwiftUI;
			sourceTree = "<group>";
		};
		637B157B2B4CE86600B68963 /* WSMain */ = {
			isa = PBXGroup;
			children = (
				63DFDF842B4D00A900F47AB5 /* UIComponents */,
				639E0CA12B5843F30076A4D8 /* WSSliderVC.swift */,
				639E0C9F2B583DE00076A4D8 /* WSMainView.swift */,
			);
			path = WSMain;
			sourceTree = "<group>";
		};
		6384A9BD2B47125600AA2F1B /* Network */ = {
			isa = PBXGroup;
			children = (
				6384A9C02B47125600AA2F1B /* NetworkManager.swift */,
				6384A9BA2B47123400AA2F1B /* KakaoAuthManager.swift */,
				63F7C4A92B4F7CE8003D8447 /* ErrorCode.swift */,
				6389CEAB2B5D7C8C002A70A9 /* Channel */,
				63E38ED92B511F2B00BD6C93 /* Routers */,
				6384A9BE2B47125600AA2F1B /* Interceptor&Authentication */,
				63F7C4A22B4EEB69003D8447 /* WorkSpace */,
				6384A9C12B47125600AA2F1B /* UserInfos */,
			);
			path = Network;
			sourceTree = "<group>";
		};
		6384A9BE2B47125600AA2F1B /* Interceptor&Authentication */ = {
			isa = PBXGroup;
			children = (
				63F7C4B92B4FD931003D8447 /* AuthInterceptor.swift */,
				63F7C4B12B4F929F003D8447 /* BaseAuthenticator.swift */,
				63F7C4AF2B4F9298003D8447 /* AuthCredentail.swift */,
				6384A9BF2B47125600AA2F1B /* BaseInterceptor.swift */,
				63F7C4B72B4FB49B003D8447 /* Auth+NM.swift */,
			);
			path = "Interceptor&Authentication";
			sourceTree = "<group>";
		};
		6384A9C12B47125600AA2F1B /* UserInfos */ = {
			isa = PBXGroup;
			children = (
				6384A9C22B47125600AA2F1B /* SingUpInfo.swift */,
				6384A9C32B47125600AA2F1B /* UserInfo+NM.swift */,
				6384A9C52B47125600AA2F1B /* SingInInfo.swift */,
				63E4AFCD2B49525300E0B6A1 /* SignResponse.swift */,
				6389CEB02B5D7DB1002A70A9 /* UserResponse.swift */,
			);
			path = UserInfos;
			sourceTree = "<group>";
		};
		6384A9CC2B47133200AA2F1B /* DefaultsValue */ = {
			isa = PBXGroup;
			children = (
				6384A9CD2B47133200AA2F1B /* Tokens.swift */,
				63E4AFD12B49668C00E0B6A1 /* User.swift */,
				6389CEB22B5D830D002A70A9 /* WorkSpace.swift */,
			);
			path = DefaultsValue;
			sourceTree = "<group>";
		};
		6384A9CF2B47134200AA2F1B /* SourceOfTruth */ = {
			isa = PBXGroup;
			children = (
				6384A9D02B47134200AA2F1B /* Errors.swift */,
			);
			path = SourceOfTruth;
			sourceTree = "<group>";
		};
		6389CEAB2B5D7C8C002A70A9 /* Channel */ = {
			isa = PBXGroup;
			children = (
				6389CEAC2B5D7D3C002A70A9 /* CHResponse.swift */,
			);
			path = Channel;
			sourceTree = "<group>";
		};
		638FCD282B4800010053D1BB /* UIComponents */ = {
			isa = PBXGroup;
			children = (
				638FCD292B48000E0053D1BB /* InputFieldView.swift */,
				638FCD2B2B48002C0053D1BB /* CheckFieldView.swift */,
				636FB15F2B4851B2000E5F03 /* AuthBtn.swift */,
			);
			path = UIComponents;
			sourceTree = "<group>";
		};
		639A4AED2B52C77A005360F6 /* SolackAlert */ = {
			isa = PBXGroup;
			children = (
				637B15772B4CD62700B68963 /* SolackAlert+UIKit.swift */,
				639A4AEE2B52C798005360F6 /* SolackAlert+SwiftUI.swift */,
				639A4AF02B52C7D4005360F6 /* SolackAlertComponents.swift */,
			);
			path = SolackAlert;
			sourceTree = "<group>";
		};
		639AFDDF2B52CA0700FA8280 /* WSManagerChange */ = {
			isa = PBXGroup;
			children = (
				639AFDE02B52CA1A00FA8280 /* WSManagerView.swift */,
				639AFDE22B52D04100FA8280 /* WSManagerView+CollectionView.swift */,
				639AFDE42B52D37D00FA8280 /* WSManagerView+DS.swift */,
			);
			path = WSManagerChange;
			sourceTree = "<group>";
		};
		639B8A6E2B491B780024B4DD /* Auth */ = {
			isa = PBXGroup;
			children = (
				639DEAFA2B452E8300108979 /* AuthViewReactor.swift */,
				639B8A6F2B491BA40024B4DD /* AuthReactor.swift */,
			);
			path = Auth;
			sourceTree = "<group>";
		};
		639B8A712B491BD30024B4DD /* SignUp */ = {
			isa = PBXGroup;
			children = (
				639DEAFF2B4534CB00108979 /* SignUpViewReactor.swift */,
				63E4AFCB2B491CED00E0B6A1 /* SignUpReactor+Mutate.swift */,
			);
			path = SignUp;
			sourceTree = "<group>";
		};
		639CCA3C2B499F3D005B35DF /* Auth */ = {
			isa = PBXGroup;
			children = (
				631A60E92B44EE0B005509C2 /* AuthService.swift */,
				639CCA3A2B499F39005B35DF /* SignService.swift */,
			);
			path = Auth;
			sourceTree = "<group>";
		};
		639DEAF92B452E3B00108979 /* Onboardin&Auth */ = {
			isa = PBXGroup;
			children = (
				638FCD282B4800010053D1BB /* UIComponents */,
				6324D6E92B46EF5100AA1AC0 /* Reactors */,
				633584672B4560F900B83555 /* SignInEmail */,
				639DEAFC2B4532D900108979 /* SignUp */,
				631A60EF2B44EE15005509C2 /* OnboardingView.swift */,
				631A60F82B452058005509C2 /* AuthPresentView.swift */,
			);
			path = "Onboardin&Auth";
			sourceTree = "<group>";
		};
		639DEAFC2B4532D900108979 /* SignUp */ = {
			isa = PBXGroup;
			children = (
				639B8A722B491C030024B4DD /* SignUpToastType.swift */,
				639B8A742B491C1A0024B4DD /* SignUpFieldType.swift */,
				631A60FA2B4528A5005509C2 /* SignUpView.swift */,
			);
			path = SignUp;
			sourceTree = "<group>";
		};
		639E0CA32B58447C0076A4D8 /* Slider */ = {
			isa = PBXGroup;
			children = (
				639CFE662B5808A40030729E /* SliderVC.swift */,
				639E0C9D2B5832FA0076A4D8 /* Slider.swift */,
			);
			path = Slider;
			sourceTree = "<group>";
		};
		63C346F22B55737E00293991 /* CHInviteView */ = {
			isa = PBXGroup;
			children = (
				63C346F32B55738C00293991 /* CHInviteView.swift */,
			);
			path = CHInviteView;
			sourceTree = "<group>";
		};
		63C346F52B55752E00293991 /* CHChat */ = {
			isa = PBXGroup;
			children = (
				63C346F62B55754C00293991 /* CHChatView.swift */,
				634F023B2B5A6BA900505B65 /* ChatCell.swift */,
				6376BAF12B5A8964000FBBF8 /* CHChatCollectionView.swift */,
				6376BAF32B5A8986000FBBF8 /* CHChatViewRegistration.swift */,
				6376BAF52B5A8B30000FBBF8 /* CHChatView+DS.swift */,
			);
			path = CHChat;
			sourceTree = "<group>";
		};
		63C346F82B55756D00293991 /* CHSetting */ = {
			isa = PBXGroup;
			children = (
				6373AAF92B594C260010968C /* CHSettingView.swift */,
			);
			path = CHSetting;
			sourceTree = "<group>";
		};
		63C346F92B55880700293991 /* WriterView */ = {
			isa = PBXGroup;
			children = (
				636028042B555B5E00AF8731 /* WriterView.swift */,
				63C346FC2B55882700293991 /* WriterConfiguration.swift */,
			);
			path = WriterView;
			sourceTree = "<group>";
		};
		63DFDF842B4D00A900F47AB5 /* UIComponents */ = {
			isa = PBXGroup;
			children = (
				63E38EDC2B514B5600BD6C93 /* WorkSpaceBottomView.swift */,
				637B157C2B4CF1BA00B68963 /* WorkSpaceEmptyView.swift */,
				637B157E2B4CF20600B68963 /* WorkSpaceListView.swift */,
				639A4AEB2B52B045005360F6 /* WorkSpaceAlert.swift */,
				63DFDF852B4D00B600F47AB5 /* ManagerDialog.swift */,
				63DFDF872B4D00DC00F47AB5 /* UserDialog.swift */,
			);
			path = UIComponents;
			sourceTree = "<group>";
		};
		63E38ED42B510C2500BD6C93 /* CacheManager */ = {
			isa = PBXGroup;
			children = (
				63E38ED52B510C3400BD6C93 /* ImageCache.swift */,
				63E38ED72B51127100BD6C93 /* ImageCache+Core.swift */,
			);
			path = CacheManager;
			sourceTree = "<group>";
		};
		63E38ED92B511F2B00BD6C93 /* Routers */ = {
			isa = PBXGroup;
			children = (
				63F7C4B52B4FB2D3003D8447 /* AuthRouter.swift */,
				6384A9C42B47125600AA2F1B /* UserRouter.swift */,
				63F7C4A32B4EEBC8003D8447 /* WorkSpaceRouter.swift */,
				63E38EDA2B511FAA00BD6C93 /* ImageRouter.swift */,
			);
			path = Routers;
			sourceTree = "<group>";
		};
		63E38EE62B516DC600BD6C93 /* Reactor-ViewModel */ = {
			isa = PBXGroup;
			children = (
				63E38EE22B5167E500BD6C93 /* WSTostType.swift */,
				632A2D602B4DAD1800E21DE8 /* WSwriterReactor.swift */,
				632A2D622B4DAD7400E21DE8 /* WScreateReactor.swift */,
				63F265F72B53AFAE007D865C /* WSEditReactor.swift */,
				63F265FB2B53F1EF007D865C /* WSManagerReactor.swift */,
				636CFBB22B510736003F02ED /* SideVM */,
			);
			path = "Reactor-ViewModel";
			sourceTree = "<group>";
		};
		63E38EE72B516E2100BD6C93 /* Reactor */ = {
			isa = PBXGroup;
			children = (
				63358D652B53FB93005C5BD4 /* HomeReactor.swift */,
			);
			path = Reactor;
			sourceTree = "<group>";
		};
		63E4AFD32B497FAA00E0B6A1 /* EmailSignIn */ = {
			isa = PBXGroup;
			children = (
				63E4AFD42B497FC300E0B6A1 /* EmailSignInReactor.swift */,
				63E4AFD62B49806B00E0B6A1 /* EmailSignInReactor+Mutate.swift */,
			);
			path = EmailSignIn;
			sourceTree = "<group>";
		};
		63F0AEC72B4ABBFB000A597B /* UIComponents */ = {
			isa = PBXGroup;
			children = (
				63F0AEC82B4ABC05000A597B /* NewMessageBtn.swift */,
				63F0AECA2B4AD886000A597B /* ChannelListItemView.swift */,
				63F0AECC2B4AE21A000A597B /* AppendListBottom.swift */,
				63F0AED02B4B03B6000A597B /* DirectMsgListItemView.swift */,
			);
			path = UIComponents;
			sourceTree = "<group>";
		};
		63F7C49F2B4EA662003D8447 /* WorkSpaceService */ = {
			isa = PBXGroup;
			children = (
				63F7C4A02B4EEA4B003D8447 /* WorkSpaceService.swift */,
				63F265F92B53BA76007D865C /* WSService+AvailCheck.swift */,
				6389CEB42B5D8398002A70A9 /* WSService+HomeFeatures.swift */,
			);
			path = WorkSpaceService;
			sourceTree = "<group>";
		};
		63F7C4A22B4EEB69003D8447 /* WorkSpace */ = {
			isa = PBXGroup;
			children = (
				63F7C4A52B4F772E003D8447 /* WSInfo.swift */,
				63F7C4A72B4F77BA003D8447 /* WSResponse.swift */,
				63F7C4AB2B4F7E64003D8447 /* WS+NM.swift */,
				6389CEA92B5D7B4D002A70A9 /* WSDetailResponse.swift */,
			);
			path = WorkSpace;
			sourceTree = "<group>";
		};
		63FA653D2B49ADA200C744C8 /* Home */ = {
			isa = PBXGroup;
			children = (
				63E38EE72B516E2100BD6C93 /* Reactor */,
				63F0AEC72B4ABBFB000A597B /* UIComponents */,
				63F0AEC12B4AB8C8000A597B /* HomeVC.swift */,
				639CFE642B5801D40030729E /* HomeVC+Animation.swift */,
				63F0AED22B4B0775000A597B /* HomeVC+CellRegistration.swift */,
				63F0AECE2B4B001B000A597B /* HomeVC+CollectionStructures.swift */,
				63F0AEC32B4AB920000A597B /* HomeVC+CollectionView.swift */,
				63F0AEC52B4ABA1E000A597B /* HomeVC+DS.swift */,
			);
			path = Home;
			sourceTree = "<group>";
		};
		63FA65402B49AF8400C744C8 /* MainTabBar */ = {
			isa = PBXGroup;
			children = (
				63FA653E2B49ADBB00C744C8 /* TabController.swift */,
				63F0AED42B4B0889000A597B /* NaviBar.swift */,
			);
			path = MainTabBar;
			sourceTree = "<group>";
		};
/* End PBXGroup section */

/* Begin PBXNativeTarget section */
		631A60A52B44ECEE005509C2 /* SolackProject */ = {
			isa = PBXNativeTarget;
			buildConfigurationList = 631A60BA2B44ECEF005509C2 /* Build configuration list for PBXNativeTarget "SolackProject" */;
			buildPhases = (
				631A60A22B44ECEE005509C2 /* Sources */,
				631A60A32B44ECEE005509C2 /* Frameworks */,
				631A60A42B44ECEE005509C2 /* Resources */,
				631E338E2B4554F60053DBD7 /* Embed Frameworks */,
			);
			buildRules = (
			);
			dependencies = (
			);
			name = SolackProject;
			packageProductDependencies = (
				631A60C92B44ED11005509C2 /* SnapKit */,
				631A60CE2B44ED19005509C2 /* ReactorKit */,
				631E33952B45553B0053DBD7 /* RxBlocking */,
				631E33992B45553B0053DBD7 /* RxCocoa */,
				631E339D2B45553B0053DBD7 /* RxRelay */,
				631E33A12B45553B0053DBD7 /* RxSwift */,
				63A148A72B45564F005CF155 /* RxBlocking */,
				63A148AB2B45564F005CF155 /* RxCocoa */,
				63A148AF2B45564F005CF155 /* RxRelay */,
				6324D6EB2B46F15F00AA1AC0 /* Alamofire */,
				63ADEA082B4648B2000A0CB4 /* RxKakaoSDK */,
				63ADEA0A2B4648B2000A0CB4 /* RxKakaoSDKAuth */,
				63ADEA0C2B4648B2000A0CB4 /* RxKakaoSDKCommon */,
				63ADEA102B4648B2000A0CB4 /* RxKakaoSDKShare */,
				63ADEA142B4648B2000A0CB4 /* RxKakaoSDKUser */,
				638FCD262B47FB700053D1BB /* Toast */,
			);
			productName = SolackProject;
			productReference = 631A60A62B44ECEE005509C2 /* SolackProject.app */;
			productType = "com.apple.product-type.application";
		};
/* End PBXNativeTarget section */

/* Begin PBXProject section */
		631A609E2B44ECEE005509C2 /* Project object */ = {
			isa = PBXProject;
			attributes = {
				BuildIndependentTargetsInParallel = 1;
				LastSwiftUpdateCheck = 1510;
				LastUpgradeCheck = 1510;
				TargetAttributes = {
					631A60A52B44ECEE005509C2 = {
						CreatedOnToolsVersion = 15.1;
					};
				};
			};
			buildConfigurationList = 631A60A12B44ECEE005509C2 /* Build configuration list for PBXProject "SolackProject" */;
			compatibilityVersion = "Xcode 14.0";
			developmentRegion = en;
			hasScannedForEncodings = 0;
			knownRegions = (
				en,
				Base,
			);
			mainGroup = 631A609D2B44ECEE005509C2;
			packageReferences = (
				631A60C82B44ED11005509C2 /* XCRemoteSwiftPackageReference "SnapKit" */,
				631A60CD2B44ED19005509C2 /* XCRemoteSwiftPackageReference "ReactorKit" */,
				631E33942B45553B0053DBD7 /* XCRemoteSwiftPackageReference "RxSwift" */,
				6324D6EA2B46F15F00AA1AC0 /* XCRemoteSwiftPackageReference "Alamofire" */,
				63ADEA072B4648B2000A0CB4 /* XCRemoteSwiftPackageReference "kakao-ios-sdk-rx" */,
				638FCD252B47FB700053D1BB /* XCRemoteSwiftPackageReference "Toast-Swift" */,
			);
			productRefGroup = 631A60A72B44ECEE005509C2 /* Products */;
			projectDirPath = "";
			projectRoot = "";
			targets = (
				631A60A52B44ECEE005509C2 /* SolackProject */,
			);
		};
/* End PBXProject section */

/* Begin PBXResourcesBuildPhase section */
		631A60A42B44ECEE005509C2 /* Resources */ = {
			isa = PBXResourcesBuildPhase;
			buildActionMask = 2147483647;
			files = (
				631A60F72B45018D005509C2 /* SF-Pro-Italic.ttf in Resources */,
				631A60F62B450189005509C2 /* SF-Pro.ttf in Resources */,
				631A60B62B44ECEF005509C2 /* LaunchScreen.storyboard in Resources */,
				631A60B32B44ECEF005509C2 /* Assets.xcassets in Resources */,
				631A60FD2B452953005509C2 /* .gitignore in Resources */,
				631A60B12B44ECEE005509C2 /* Main.storyboard in Resources */,
			);
			runOnlyForDeploymentPostprocessing = 0;
		};
/* End PBXResourcesBuildPhase section */

/* Begin PBXSourcesBuildPhase section */
		631A60A22B44ECEE005509C2 /* Sources */ = {
			isa = PBXSourcesBuildPhase;
			buildActionMask = 2147483647;
			files = (
				636213142B4EA0DD0093D089 /* CropImageModifier.swift in Sources */,
				637B157A2B4CD72500B68963 /* TransparentBackground.swift in Sources */,
				6376BAF62B5A8B30000FBBF8 /* CHChatView+DS.swift in Sources */,
				63E38EDB2B511FAA00BD6C93 /* ImageRouter.swift in Sources */,
				63F0AECF2B4B001B000A597B /* HomeVC+CollectionStructures.swift in Sources */,
				63C346F72B55754C00293991 /* CHChatView.swift in Sources */,
				63358D712B540256005C5BD4 /* CHExploreView+DS.swift in Sources */,
				632A2D632B4DAD7400E21DE8 /* WScreateReactor.swift in Sources */,
				636213062B4E95F60093D089 /* ImageManager.swift in Sources */,
				638FCD2C2B48002C0053D1BB /* CheckFieldView.swift in Sources */,
				637488C42B50C739008AAD4A /* ScreenSize.swift in Sources */,
				636C13872B4986BB006D9962 /* SignInToastType.swift in Sources */,
				634F023C2B5A6BA900505B65 /* ChatCell.swift in Sources */,
				639B8A702B491BA40024B4DD /* AuthReactor.swift in Sources */,
				637488C52B50C739008AAD4A /* UserDefaults+State.swift in Sources */,
				631A60E12B44EE02005509C2 /* AppConstraints.swift in Sources */,
				634C4C612B4E2EDA006B6CCC /* ProfileImgView.swift in Sources */,
				6389CEB32B5D830D002A70A9 /* WorkSpace.swift in Sources */,
				63F7C4B62B4FB2D3003D8447 /* AuthRouter.swift in Sources */,
				636CFBB42B510743003F02ED /* WSMainVM.swift in Sources */,
				63E4AFD52B497FC300E0B6A1 /* EmailSignInReactor.swift in Sources */,
				63F7C4BE2B4FE72F003D8447 /* UINavigationController.swift in Sources */,
				639DEAFB2B452E8300108979 /* AuthViewReactor.swift in Sources */,
				639A4AF12B52C7D4005360F6 /* SolackAlertComponents.swift in Sources */,
				6384A9C62B47125600AA2F1B /* BaseInterceptor.swift in Sources */,
				631A60FB2B4528A5005509C2 /* SignUpView.swift in Sources */,
				637B157D2B4CF1BA00B68963 /* WorkSpaceEmptyView.swift in Sources */,
				6384A9C92B47125600AA2F1B /* UserInfo+NM.swift in Sources */,
				631A60AE2B44ECEE005509C2 /* ViewController.swift in Sources */,
				639A4AEF2B52C798005360F6 /* SolackAlert+SwiftUI.swift in Sources */,
				63E38EE12B515FE800BD6C93 /* ToastType.swift in Sources */,
				63F7C4AE2B4F8A04003D8447 /* ImageManager+Compression.swift in Sources */,
				6368352A2B47A56C00E38683 /* AppManager.swift in Sources */,
				636213122B4E9FE70093D089 /* CropImageManager.swift in Sources */,
				63F265FC2B53F1EF007D865C /* WSManagerReactor.swift in Sources */,
				6360280A2B555DB200AF8731 /* CHToastType.swift in Sources */,
				63F7C4A82B4F77BA003D8447 /* WSResponse.swift in Sources */,
				63FA653F2B49ADBB00C744C8 /* TabController.swift in Sources */,
				63F7C4B82B4FB49B003D8447 /* Auth+NM.swift in Sources */,
				631A60E22B44EE02005509C2 /* AppFont.swift in Sources */,
				63E38ED82B51127100BD6C93 /* ImageCache+Core.swift in Sources */,
				6384A9C82B47125600AA2F1B /* SingUpInfo.swift in Sources */,
				63DFDF882B4D00DC00F47AB5 /* UserDialog.swift in Sources */,
				63E38EE52B516B2F00BD6C93 /* WSMainVM+WSServiceBinding.swift in Sources */,
				639DEB002B4534CB00108979 /* SignUpViewReactor.swift in Sources */,
				63F0AED12B4B03B6000A597B /* DirectMsgListItemView.swift in Sources */,
				636028082B555D8200AF8731 /* WriterReactor.swift in Sources */,
				639AFDE72B52E49600FA8280 /* ToastModifier+SwiftUI.swift in Sources */,
				63F7C4BA2B4FD931003D8447 /* AuthInterceptor.swift in Sources */,
				63E4AFCC2B491CED00E0B6A1 /* SignUpReactor+Mutate.swift in Sources */,
				6384A9BB2B47123400AA2F1B /* KakaoAuthManager.swift in Sources */,
				637B157F2B4CF20600B68963 /* WorkSpaceListView.swift in Sources */,
				63E38ED62B510C3400BD6C93 /* ImageCache.swift in Sources */,
				6384A9CA2B47125600AA2F1B /* UserRouter.swift in Sources */,
				639AFDE12B52CA1A00FA8280 /* WSManagerView.swift in Sources */,
				636028052B555B5E00AF8731 /* WriterView.swift in Sources */,
				6373AAFA2B594C260010968C /* CHSettingView.swift in Sources */,
				6360280C2B55605100AF8731 /* CHWriterReactor.swift in Sources */,
				6377E6512B5AD07000238583 /* ScrollViewDown.swift in Sources */,
				637488C62B50C739008AAD4A /* AnyModelStore.swift in Sources */,
				63F0AED32B4B0775000A597B /* HomeVC+CellRegistration.swift in Sources */,
				639E0CA22B5843F30076A4D8 /* WSSliderVC.swift in Sources */,
				63C346FD2B55882700293991 /* WriterConfiguration.swift in Sources */,
				631A60F12B44EE15005509C2 /* OnboardingView.swift in Sources */,
				639B8A752B491C1A0024B4DD /* SignUpFieldType.swift in Sources */,
				6389CEA82B5D6102002A70A9 /* WSEmptyView.swift in Sources */,
				632A2D612B4DAD1800E21DE8 /* WSwriterReactor.swift in Sources */,
				636FB1602B4851B2000E5F03 /* AuthBtn.swift in Sources */,
				63E4AFD22B49668C00E0B6A1 /* User.swift in Sources */,
				63F7C4A42B4EEBC8003D8447 /* WorkSpaceRouter.swift in Sources */,
				6384A9D12B47134200AA2F1B /* Errors.swift in Sources */,
				631A60F02B44EE15005509C2 /* OnboardingReactor.swift in Sources */,
				63F0AED52B4B0889000A597B /* NaviBar.swift in Sources */,
				63E38ED32B510A4600BD6C93 /* TaskCounter.swift in Sources */,
				63F7C4BC2B4FDC5A003D8447 /* WSwriter+Binding.swift in Sources */,
				63358D6A2B53FD89005C5BD4 /* CHWriterView.swift in Sources */,
				631A60EB2B44EE0B005509C2 /* BasicProvider.swift in Sources */,
				63F0AECB2B4AD886000A597B /* ChannelListItemView.swift in Sources */,
				63F7C4AA2B4F7CE8003D8447 /* ErrorCode.swift in Sources */,
				63F7C4B22B4F929F003D8447 /* BaseAuthenticator.swift in Sources */,
				63F7C4A62B4F772E003D8447 /* WSInfo.swift in Sources */,
				63358D6C2B53FE0A005C5BD4 /* CHExploreView.swift in Sources */,
				63F0AEC42B4AB920000A597B /* HomeVC+CollectionView.swift in Sources */,
				631A60AA2B44ECEE005509C2 /* AppDelegate.swift in Sources */,
				63F0AECD2B4AE21A000A597B /* AppendListBottom.swift in Sources */,
				6384A9CB2B47125600AA2F1B /* SingInInfo.swift in Sources */,
				6389CEAD2B5D7D3C002A70A9 /* CHResponse.swift in Sources */,
				637B15782B4CD62700B68963 /* SolackAlert+UIKit.swift in Sources */,
				63F265FA2B53BA76007D865C /* WSService+AvailCheck.swift in Sources */,
				63F7C4AC2B4F7E64003D8447 /* WS+NM.swift in Sources */,
				63E38EE32B5167E500BD6C93 /* WSTostType.swift in Sources */,
				631A60EC2B44EE0B005509C2 /* AuthService.swift in Sources */,
				6376BAF22B5A8964000FBBF8 /* CHChatCollectionView.swift in Sources */,
				636213032B4E94F90093D089 /* CropView.swift in Sources */,
				6376BAF42B5A8986000FBBF8 /* CHChatViewRegistration.swift in Sources */,
				639A4AEC2B52B045005360F6 /* WorkSpaceAlert.swift in Sources */,
				639B8A732B491C030024B4DD /* SignUpToastType.swift in Sources */,
				639E0C9E2B5832FA0076A4D8 /* Slider.swift in Sources */,
				63F0AEC22B4AB8C8000A597B /* HomeVC.swift in Sources */,
				631A60FF2B452976005509C2 /* SecretKey.swift in Sources */,
				63358D6F2B540213005C5BD4 /* CHExploreView+CollectionView.swift in Sources */,
				631A60AC2B44ECEE005509C2 /* SceneDelegate.swift in Sources */,
				639E0CA02B583DE00076A4D8 /* WSMainView.swift in Sources */,
				631A60D72B44EDF5005509C2 /* ButtonConfiguration.swift in Sources */,
				63F0AEC62B4ABA1E000A597B /* HomeVC+DS.swift in Sources */,
				6373AAFC2B5952400010968C /* UINavigationSwipable.swift in Sources */,
				632D8EB32B4D290200A99293 /* WSwriterView.swift in Sources */,
				639CCA3B2B499F39005B35DF /* SignService.swift in Sources */,
				639CFE652B5801D40030729E /* HomeVC+Animation.swift in Sources */,
				63F7C4A12B4EEA4B003D8447 /* WorkSpaceService.swift in Sources */,
				63F265F82B53AFAE007D865C /* WSEditReactor.swift in Sources */,
				6389CEB52B5D8398002A70A9 /* WSService+HomeFeatures.swift in Sources */,
				6362130A2B4E96360093D089 /* ImageManagerError.swift in Sources */,
				63F7C4B02B4F9298003D8447 /* AuthCredentail.swift in Sources */,
				63F0AEC92B4ABC05000A597B /* NewMessageBtn.swift in Sources */,
				63E38EDD2B514B5600BD6C93 /* WorkSpaceBottomView.swift in Sources */,
				6384A9CE2B47133200AA2F1B /* Tokens.swift in Sources */,
				63C346F42B55738C00293991 /* CHInviteView.swift in Sources */,
				6389CEAA2B5D7B4D002A70A9 /* WSDetailResponse.swift in Sources */,
				636213082B4E96220093D089 /* ImageManager+Fetch.swift in Sources */,
				639AFDE52B52D37D00FA8280 /* WSManagerView+DS.swift in Sources */,
				639AFDE32B52D04100FA8280 /* WSManagerView+CollectionView.swift in Sources */,
				63E4AFCE2B49525300E0B6A1 /* SignResponse.swift in Sources */,
				63E4AFD72B49806B00E0B6A1 /* EmailSignInReactor+Mutate.swift in Sources */,
				631A60D62B44EDF5005509C2 /* BaseVC.swift in Sources */,
				63DFDF862B4D00B600F47AB5 /* ManagerDialog.swift in Sources */,
				631A60F92B452058005509C2 /* AuthPresentView.swift in Sources */,
				6384A9C72B47125600AA2F1B /* NetworkManager.swift in Sources */,
				631A60EA2B44EE0B005509C2 /* BaseService.swift in Sources */,
				636213012B4E93ED0093D089 /* EditImageView.swift in Sources */,
				63358D662B53FB93005C5BD4 /* HomeReactor.swift in Sources */,
				63F0AED72B4B093A000A597B /* BaseView.swift in Sources */,
				639CFE672B5808A40030729E /* SliderVC.swift in Sources */,
				638FCD2A2B48000E0053D1BB /* InputFieldView.swift in Sources */,
				633584692B45610C00B83555 /* SignInEmailView.swift in Sources */,
				6389CEB12B5D7DB1002A70A9 /* UserResponse.swift in Sources */,
			);
			runOnlyForDeploymentPostprocessing = 0;
		};
/* End PBXSourcesBuildPhase section */

/* Begin PBXVariantGroup section */
		631A60AF2B44ECEE005509C2 /* Main.storyboard */ = {
			isa = PBXVariantGroup;
			children = (
				631A60B02B44ECEE005509C2 /* Base */,
			);
			name = Main.storyboard;
			sourceTree = "<group>";
		};
		631A60B42B44ECEF005509C2 /* LaunchScreen.storyboard */ = {
			isa = PBXVariantGroup;
			children = (
				631A60B52B44ECEF005509C2 /* Base */,
			);
			name = LaunchScreen.storyboard;
			sourceTree = "<group>";
		};
/* End PBXVariantGroup section */

/* Begin XCBuildConfiguration section */
		631A60B82B44ECEF005509C2 /* Debug */ = {
			isa = XCBuildConfiguration;
			baseConfigurationReference = 63ADEA1A2B467E20000A0CB4 /* Config.xcconfig */;
			buildSettings = {
				ALWAYS_SEARCH_USER_PATHS = NO;
				ASSETCATALOG_COMPILER_GENERATE_SWIFT_ASSET_SYMBOL_EXTENSIONS = YES;
				CLANG_ANALYZER_NONNULL = YES;
				CLANG_ANALYZER_NUMBER_OBJECT_CONVERSION = YES_AGGRESSIVE;
				CLANG_CXX_LANGUAGE_STANDARD = "gnu++20";
				CLANG_ENABLE_MODULES = YES;
				CLANG_ENABLE_OBJC_ARC = YES;
				CLANG_ENABLE_OBJC_WEAK = YES;
				CLANG_WARN_BLOCK_CAPTURE_AUTORELEASING = YES;
				CLANG_WARN_BOOL_CONVERSION = YES;
				CLANG_WARN_COMMA = YES;
				CLANG_WARN_CONSTANT_CONVERSION = YES;
				CLANG_WARN_DEPRECATED_OBJC_IMPLEMENTATIONS = YES;
				CLANG_WARN_DIRECT_OBJC_ISA_USAGE = YES_ERROR;
				CLANG_WARN_DOCUMENTATION_COMMENTS = YES;
				CLANG_WARN_EMPTY_BODY = YES;
				CLANG_WARN_ENUM_CONVERSION = YES;
				CLANG_WARN_INFINITE_RECURSION = YES;
				CLANG_WARN_INT_CONVERSION = YES;
				CLANG_WARN_NON_LITERAL_NULL_CONVERSION = YES;
				CLANG_WARN_OBJC_IMPLICIT_RETAIN_SELF = YES;
				CLANG_WARN_OBJC_LITERAL_CONVERSION = YES;
				CLANG_WARN_OBJC_ROOT_CLASS = YES_ERROR;
				CLANG_WARN_QUOTED_INCLUDE_IN_FRAMEWORK_HEADER = YES;
				CLANG_WARN_RANGE_LOOP_ANALYSIS = YES;
				CLANG_WARN_STRICT_PROTOTYPES = YES;
				CLANG_WARN_SUSPICIOUS_MOVE = YES;
				CLANG_WARN_UNGUARDED_AVAILABILITY = YES_AGGRESSIVE;
				CLANG_WARN_UNREACHABLE_CODE = YES;
				CLANG_WARN__DUPLICATE_METHOD_MATCH = YES;
				COPY_PHASE_STRIP = NO;
				DEBUG_INFORMATION_FORMAT = dwarf;
				ENABLE_STRICT_OBJC_MSGSEND = YES;
				ENABLE_TESTABILITY = YES;
				ENABLE_USER_SCRIPT_SANDBOXING = YES;
				GCC_C_LANGUAGE_STANDARD = gnu17;
				GCC_DYNAMIC_NO_PIC = NO;
				GCC_NO_COMMON_BLOCKS = YES;
				GCC_OPTIMIZATION_LEVEL = 0;
				GCC_PREPROCESSOR_DEFINITIONS = (
					"DEBUG=1",
					"$(inherited)",
				);
				GCC_WARN_64_TO_32_BIT_CONVERSION = YES;
				GCC_WARN_ABOUT_RETURN_TYPE = YES_ERROR;
				GCC_WARN_UNDECLARED_SELECTOR = YES;
				GCC_WARN_UNINITIALIZED_AUTOS = YES_AGGRESSIVE;
				GCC_WARN_UNUSED_FUNCTION = YES;
				GCC_WARN_UNUSED_VARIABLE = YES;
				IPHONEOS_DEPLOYMENT_TARGET = 16.0;
				LOCALIZATION_PREFERS_STRING_CATALOGS = YES;
				MTL_ENABLE_DEBUG_INFO = INCLUDE_SOURCE;
				MTL_FAST_MATH = YES;
				ONLY_ACTIVE_ARCH = YES;
				SDKROOT = iphoneos;
				SWIFT_ACTIVE_COMPILATION_CONDITIONS = "DEBUG $(inherited)";
				SWIFT_OPTIMIZATION_LEVEL = "-Onone";
			};
			name = Debug;
		};
		631A60B92B44ECEF005509C2 /* Release */ = {
			isa = XCBuildConfiguration;
			baseConfigurationReference = 63ADEA1A2B467E20000A0CB4 /* Config.xcconfig */;
			buildSettings = {
				ALWAYS_SEARCH_USER_PATHS = NO;
				ASSETCATALOG_COMPILER_GENERATE_SWIFT_ASSET_SYMBOL_EXTENSIONS = YES;
				CLANG_ANALYZER_NONNULL = YES;
				CLANG_ANALYZER_NUMBER_OBJECT_CONVERSION = YES_AGGRESSIVE;
				CLANG_CXX_LANGUAGE_STANDARD = "gnu++20";
				CLANG_ENABLE_MODULES = YES;
				CLANG_ENABLE_OBJC_ARC = YES;
				CLANG_ENABLE_OBJC_WEAK = YES;
				CLANG_WARN_BLOCK_CAPTURE_AUTORELEASING = YES;
				CLANG_WARN_BOOL_CONVERSION = YES;
				CLANG_WARN_COMMA = YES;
				CLANG_WARN_CONSTANT_CONVERSION = YES;
				CLANG_WARN_DEPRECATED_OBJC_IMPLEMENTATIONS = YES;
				CLANG_WARN_DIRECT_OBJC_ISA_USAGE = YES_ERROR;
				CLANG_WARN_DOCUMENTATION_COMMENTS = YES;
				CLANG_WARN_EMPTY_BODY = YES;
				CLANG_WARN_ENUM_CONVERSION = YES;
				CLANG_WARN_INFINITE_RECURSION = YES;
				CLANG_WARN_INT_CONVERSION = YES;
				CLANG_WARN_NON_LITERAL_NULL_CONVERSION = YES;
				CLANG_WARN_OBJC_IMPLICIT_RETAIN_SELF = YES;
				CLANG_WARN_OBJC_LITERAL_CONVERSION = YES;
				CLANG_WARN_OBJC_ROOT_CLASS = YES_ERROR;
				CLANG_WARN_QUOTED_INCLUDE_IN_FRAMEWORK_HEADER = YES;
				CLANG_WARN_RANGE_LOOP_ANALYSIS = YES;
				CLANG_WARN_STRICT_PROTOTYPES = YES;
				CLANG_WARN_SUSPICIOUS_MOVE = YES;
				CLANG_WARN_UNGUARDED_AVAILABILITY = YES_AGGRESSIVE;
				CLANG_WARN_UNREACHABLE_CODE = YES;
				CLANG_WARN__DUPLICATE_METHOD_MATCH = YES;
				COPY_PHASE_STRIP = NO;
				DEBUG_INFORMATION_FORMAT = "dwarf-with-dsym";
				ENABLE_NS_ASSERTIONS = NO;
				ENABLE_STRICT_OBJC_MSGSEND = YES;
				ENABLE_USER_SCRIPT_SANDBOXING = YES;
				GCC_C_LANGUAGE_STANDARD = gnu17;
				GCC_NO_COMMON_BLOCKS = YES;
				GCC_WARN_64_TO_32_BIT_CONVERSION = YES;
				GCC_WARN_ABOUT_RETURN_TYPE = YES_ERROR;
				GCC_WARN_UNDECLARED_SELECTOR = YES;
				GCC_WARN_UNINITIALIZED_AUTOS = YES_AGGRESSIVE;
				GCC_WARN_UNUSED_FUNCTION = YES;
				GCC_WARN_UNUSED_VARIABLE = YES;
				IPHONEOS_DEPLOYMENT_TARGET = 16.0;
				LOCALIZATION_PREFERS_STRING_CATALOGS = YES;
				MTL_ENABLE_DEBUG_INFO = NO;
				MTL_FAST_MATH = YES;
				SDKROOT = iphoneos;
				SWIFT_COMPILATION_MODE = wholemodule;
				VALIDATE_PRODUCT = YES;
			};
			name = Release;
		};
		631A60BB2B44ECEF005509C2 /* Debug */ = {
			isa = XCBuildConfiguration;
			baseConfigurationReference = 63ADEA1A2B467E20000A0CB4 /* Config.xcconfig */;
			buildSettings = {
				ASSETCATALOG_COMPILER_APPICON_NAME = AppIcon;
				ASSETCATALOG_COMPILER_GLOBAL_ACCENT_COLOR_NAME = AccentColor;
				CODE_SIGN_ENTITLEMENTS = SolackProject/SolackProject.entitlements;
				CODE_SIGN_STYLE = Automatic;
				CURRENT_PROJECT_VERSION = 1;
				DEVELOPMENT_TEAM = 3W9F68ZTUJ;
				GENERATE_INFOPLIST_FILE = YES;
				INFOPLIST_FILE = SolackProject/Info.plist;
				INFOPLIST_KEY_UIApplicationSupportsIndirectInputEvents = YES;
				INFOPLIST_KEY_UILaunchStoryboardName = LaunchScreen;
				INFOPLIST_KEY_UIMainStoryboardFile = Main;
				INFOPLIST_KEY_UIStatusBarStyle = "";
				INFOPLIST_KEY_UISupportedInterfaceOrientations = UIInterfaceOrientationPortrait;
				INFOPLIST_KEY_UISupportedInterfaceOrientations_iPad = "UIInterfaceOrientationLandscapeLeft UIInterfaceOrientationLandscapeRight UIInterfaceOrientationPortrait UIInterfaceOrientationPortraitUpsideDown";
				INFOPLIST_KEY_UIUserInterfaceStyle = Light;
				IPHONEOS_DEPLOYMENT_TARGET = 16.0;
				LD_RUNPATH_SEARCH_PATHS = (
					"$(inherited)",
					"@executable_path/Frameworks",
				);
				MARKETING_VERSION = 1.0;
				PRODUCT_BUNDLE_IDENTIFIER = ii.SolackProject;
				PRODUCT_NAME = "$(TARGET_NAME)";
				SUPPORTED_PLATFORMS = "iphoneos iphonesimulator";
				SUPPORTS_MACCATALYST = NO;
				SUPPORTS_MAC_DESIGNED_FOR_IPHONE_IPAD = NO;
				SWIFT_EMIT_LOC_STRINGS = YES;
				SWIFT_VERSION = 5.0;
				TARGETED_DEVICE_FAMILY = 1;
			};
			name = Debug;
		};
		631A60BC2B44ECEF005509C2 /* Release */ = {
			isa = XCBuildConfiguration;
			baseConfigurationReference = 63ADEA1A2B467E20000A0CB4 /* Config.xcconfig */;
			buildSettings = {
				ASSETCATALOG_COMPILER_APPICON_NAME = AppIcon;
				ASSETCATALOG_COMPILER_GLOBAL_ACCENT_COLOR_NAME = AccentColor;
				CODE_SIGN_ENTITLEMENTS = SolackProject/SolackProject.entitlements;
				CODE_SIGN_STYLE = Automatic;
				CURRENT_PROJECT_VERSION = 1;
				DEVELOPMENT_TEAM = 3W9F68ZTUJ;
				GENERATE_INFOPLIST_FILE = YES;
				INFOPLIST_FILE = SolackProject/Info.plist;
				INFOPLIST_KEY_UIApplicationSupportsIndirectInputEvents = YES;
				INFOPLIST_KEY_UILaunchStoryboardName = LaunchScreen;
				INFOPLIST_KEY_UIMainStoryboardFile = Main;
				INFOPLIST_KEY_UIStatusBarStyle = "";
				INFOPLIST_KEY_UISupportedInterfaceOrientations = UIInterfaceOrientationPortrait;
				INFOPLIST_KEY_UISupportedInterfaceOrientations_iPad = "UIInterfaceOrientationLandscapeLeft UIInterfaceOrientationLandscapeRight UIInterfaceOrientationPortrait UIInterfaceOrientationPortraitUpsideDown";
				INFOPLIST_KEY_UIUserInterfaceStyle = Light;
				IPHONEOS_DEPLOYMENT_TARGET = 16.0;
				LD_RUNPATH_SEARCH_PATHS = (
					"$(inherited)",
					"@executable_path/Frameworks",
				);
				MARKETING_VERSION = 1.0;
				PRODUCT_BUNDLE_IDENTIFIER = ii.SolackProject;
				PRODUCT_NAME = "$(TARGET_NAME)";
				SUPPORTED_PLATFORMS = "iphoneos iphonesimulator";
				SUPPORTS_MACCATALYST = NO;
				SUPPORTS_MAC_DESIGNED_FOR_IPHONE_IPAD = NO;
				SWIFT_EMIT_LOC_STRINGS = YES;
				SWIFT_VERSION = 5.0;
				TARGETED_DEVICE_FAMILY = 1;
			};
			name = Release;
		};
/* End XCBuildConfiguration section */

/* Begin XCConfigurationList section */
		631A60A12B44ECEE005509C2 /* Build configuration list for PBXProject "SolackProject" */ = {
			isa = XCConfigurationList;
			buildConfigurations = (
				631A60B82B44ECEF005509C2 /* Debug */,
				631A60B92B44ECEF005509C2 /* Release */,
			);
			defaultConfigurationIsVisible = 0;
			defaultConfigurationName = Release;
		};
		631A60BA2B44ECEF005509C2 /* Build configuration list for PBXNativeTarget "SolackProject" */ = {
			isa = XCConfigurationList;
			buildConfigurations = (
				631A60BB2B44ECEF005509C2 /* Debug */,
				631A60BC2B44ECEF005509C2 /* Release */,
			);
			defaultConfigurationIsVisible = 0;
			defaultConfigurationName = Release;
		};
/* End XCConfigurationList section */

/* Begin XCRemoteSwiftPackageReference section */
		631A60C82B44ED11005509C2 /* XCRemoteSwiftPackageReference "SnapKit" */ = {
			isa = XCRemoteSwiftPackageReference;
			repositoryURL = "https://github.com/SnapKit/SnapKit.git";
			requirement = {
				kind = upToNextMajorVersion;
				minimumVersion = 5.7.0;
			};
		};
		631A60CD2B44ED19005509C2 /* XCRemoteSwiftPackageReference "ReactorKit" */ = {
			isa = XCRemoteSwiftPackageReference;
			repositoryURL = "https://github.com/ReactorKit/ReactorKit.git";
			requirement = {
				kind = upToNextMajorVersion;
				minimumVersion = 3.2.0;
			};
		};
		631E33942B45553B0053DBD7 /* XCRemoteSwiftPackageReference "RxSwift" */ = {
			isa = XCRemoteSwiftPackageReference;
			repositoryURL = "https://github.com/ReactiveX/RxSwift.git";
			requirement = {
				kind = upToNextMajorVersion;
				minimumVersion = 6.6.0;
			};
		};
		6324D6EA2B46F15F00AA1AC0 /* XCRemoteSwiftPackageReference "Alamofire" */ = {
			isa = XCRemoteSwiftPackageReference;
			repositoryURL = "https://github.com/Alamofire/Alamofire";
			requirement = {
				kind = upToNextMajorVersion;
				minimumVersion = 5.8.1;
			};
		};
		638FCD252B47FB700053D1BB /* XCRemoteSwiftPackageReference "Toast-Swift" */ = {
			isa = XCRemoteSwiftPackageReference;
			repositoryURL = "https://github.com/scalessec/Toast-Swift.git";
			requirement = {
				kind = upToNextMajorVersion;
				minimumVersion = 5.0.1;
			};
		};
		63ADEA072B4648B2000A0CB4 /* XCRemoteSwiftPackageReference "kakao-ios-sdk-rx" */ = {
			isa = XCRemoteSwiftPackageReference;
			repositoryURL = "https://github.com/kakao/kakao-ios-sdk-rx";
			requirement = {
				kind = upToNextMajorVersion;
				minimumVersion = 2.20.0;
			};
		};
/* End XCRemoteSwiftPackageReference section */

/* Begin XCSwiftPackageProductDependency section */
		631A60C92B44ED11005509C2 /* SnapKit */ = {
			isa = XCSwiftPackageProductDependency;
			package = 631A60C82B44ED11005509C2 /* XCRemoteSwiftPackageReference "SnapKit" */;
			productName = SnapKit;
		};
		631A60CE2B44ED19005509C2 /* ReactorKit */ = {
			isa = XCSwiftPackageProductDependency;
			package = 631A60CD2B44ED19005509C2 /* XCRemoteSwiftPackageReference "ReactorKit" */;
			productName = ReactorKit;
		};
		631E33952B45553B0053DBD7 /* RxBlocking */ = {
			isa = XCSwiftPackageProductDependency;
			package = 631E33942B45553B0053DBD7 /* XCRemoteSwiftPackageReference "RxSwift" */;
			productName = RxBlocking;
		};
		631E33992B45553B0053DBD7 /* RxCocoa */ = {
			isa = XCSwiftPackageProductDependency;
			package = 631E33942B45553B0053DBD7 /* XCRemoteSwiftPackageReference "RxSwift" */;
			productName = RxCocoa;
		};
		631E339D2B45553B0053DBD7 /* RxRelay */ = {
			isa = XCSwiftPackageProductDependency;
			package = 631E33942B45553B0053DBD7 /* XCRemoteSwiftPackageReference "RxSwift" */;
			productName = RxRelay;
		};
		631E33A12B45553B0053DBD7 /* RxSwift */ = {
			isa = XCSwiftPackageProductDependency;
			package = 631E33942B45553B0053DBD7 /* XCRemoteSwiftPackageReference "RxSwift" */;
			productName = RxSwift;
		};
		6324D6EB2B46F15F00AA1AC0 /* Alamofire */ = {
			isa = XCSwiftPackageProductDependency;
			package = 6324D6EA2B46F15F00AA1AC0 /* XCRemoteSwiftPackageReference "Alamofire" */;
			productName = Alamofire;
		};
		638FCD262B47FB700053D1BB /* Toast */ = {
			isa = XCSwiftPackageProductDependency;
			package = 638FCD252B47FB700053D1BB /* XCRemoteSwiftPackageReference "Toast-Swift" */;
			productName = Toast;
		};
		63A148A72B45564F005CF155 /* RxBlocking */ = {
			isa = XCSwiftPackageProductDependency;
			package = 631E33942B45553B0053DBD7 /* XCRemoteSwiftPackageReference "RxSwift" */;
			productName = RxBlocking;
		};
		63A148AB2B45564F005CF155 /* RxCocoa */ = {
			isa = XCSwiftPackageProductDependency;
			package = 631E33942B45553B0053DBD7 /* XCRemoteSwiftPackageReference "RxSwift" */;
			productName = RxCocoa;
		};
		63A148AF2B45564F005CF155 /* RxRelay */ = {
			isa = XCSwiftPackageProductDependency;
			package = 631E33942B45553B0053DBD7 /* XCRemoteSwiftPackageReference "RxSwift" */;
			productName = RxRelay;
		};
		63ADEA082B4648B2000A0CB4 /* RxKakaoSDK */ = {
			isa = XCSwiftPackageProductDependency;
			package = 63ADEA072B4648B2000A0CB4 /* XCRemoteSwiftPackageReference "kakao-ios-sdk-rx" */;
			productName = RxKakaoSDK;
		};
		63ADEA0A2B4648B2000A0CB4 /* RxKakaoSDKAuth */ = {
			isa = XCSwiftPackageProductDependency;
			package = 63ADEA072B4648B2000A0CB4 /* XCRemoteSwiftPackageReference "kakao-ios-sdk-rx" */;
			productName = RxKakaoSDKAuth;
		};
		63ADEA0C2B4648B2000A0CB4 /* RxKakaoSDKCommon */ = {
			isa = XCSwiftPackageProductDependency;
			package = 63ADEA072B4648B2000A0CB4 /* XCRemoteSwiftPackageReference "kakao-ios-sdk-rx" */;
			productName = RxKakaoSDKCommon;
		};
		63ADEA102B4648B2000A0CB4 /* RxKakaoSDKShare */ = {
			isa = XCSwiftPackageProductDependency;
			package = 63ADEA072B4648B2000A0CB4 /* XCRemoteSwiftPackageReference "kakao-ios-sdk-rx" */;
			productName = RxKakaoSDKShare;
		};
		63ADEA142B4648B2000A0CB4 /* RxKakaoSDKUser */ = {
			isa = XCSwiftPackageProductDependency;
			package = 63ADEA072B4648B2000A0CB4 /* XCRemoteSwiftPackageReference "kakao-ios-sdk-rx" */;
			productName = RxKakaoSDKUser;
		};
/* End XCSwiftPackageProductDependency section */
	};
	rootObject = 631A609E2B44ECEE005509C2 /* Project object */;
}
